{
	"_OFProjectGeneratorVersion": "0.103.0",
	"archiveVersion": "1",
	"classes": {},
	"objectVersion": "54",
	"objects": {
		"0088719D-88BF-488F-8E0B-2933EB841C6C": {
			"fileEncoding": "4",
			"isa": "PBXFileReference",
			"lastKnownFileType": "sourcecode.cpp.h",
			"name": "PingPongFbo.h",
			"sourceTree": "<group>"
		},
		"025699BF-A235-4205-9EEC-E7485F95F74B": {
			"fileRef": "37F80A22-FED8-4F7F-B134-355AB820CCFA",
			"isa": "PBXBuildFile"
		},
		"02EDD1B5-A3D4-463D-8997-BCC9C210F5BD": {
			"fileEncoding": "4",
			"isa": "PBXFileReference",
			"lastKnownFileType": "sourcecode.cpp.h",
			"name": "LowPassFilter.h",
			"sourceTree": "<group>"
		},
		"03BB76DD-FF92-4B87-8D4E-63E32FE2E20B": {
			"children": [
				"67DBC070-6C28-4E05-95E5-DFA4ED37B36C"
			],
			"isa": "PBXGroup",
			"name": "include",
			"path": "include",
			"sourceTree": "<group>"
		},
		"0406B5F4-798E-4D14-86CF-CDA25F62E89C": {
			"fileEncoding": "4",
			"isa": "PBXFileReference",
			"lastKnownFileType": "sourcecode.cpp.h",
			"name": "ofxAudioFile.h",
			"sourceTree": "<group>"
		},
		"04993981-F8D5-419A-9B18-90B2714B877D": {
			"fileEncoding": "4",
			"isa": "PBXFileReference",
			"lastKnownFileType": "sourcecode.cpp.h",
			"name": "PacketListener.h",
			"sourceTree": "<group>"
		},
		"04D4CDB0-520A-421D-8FA6-6883C0667FED": {
			"fileEncoding": "4",
			"isa": "PBXFileReference",
			"lastKnownFileType": "sourcecode.cpp.cpp",
			"name": "AudioDataSourceMod.cpp",
			"sourceTree": "<group>"
		},
		"05537AC9-A34C-4FD7-AC9B-0B290BA5C8FF": {
			"fileEncoding": "4",
			"isa": "PBXFileReference",
			"lastKnownFileType": "sourcecode.cpp.h",
			"name": "OnsetDetectionFunction.h",
			"sourceTree": "<group>"
		},
		"0576D043-3F6F-4530-821B-88DBC0462F49": {
			"fileRef": "C5B18880-C08A-4692-98B3-CD0CF3063090",
			"isa": "PBXBuildFile"
		},
		"05E598B1-EA59-4DF2-AC06-CA9DDFF75640": {
			"children": [
				"7C9DC554-DB6E-4637-9F66-04AAF3A21C53",
				"6AD918E9-BB13-4152-B79C-2199DAB574AC",
				"37F80A22-FED8-4F7F-B134-355AB820CCFA",
				"E4BF7418-118C-4DAC-AC32-871AB5588C06",
				"82E852FF-F117-43D3-B36A-879E9B148C20",
				"7FBB3C79-A248-4BB5-85C3-3C47918D381F",
				"21FE22EF-40FF-47B5-BAE9-2CEE9189C58B",
				"77D843B7-1DEE-44F6-BE64-5082B9A5E89C",
				"67006380-B98C-4532-AAE1-5B2A6AC12134",
				"43139A92-EB48-48C8-9320-AE6FBCE0E46D",
				"60F5C036-3865-4F85-BE40-AD9A9AC2AF98",
				"FBE35669-667F-48B9-8ED7-716E70CA4236"
			],
			"isa": "PBXGroup",
			"name": "src",
			"path": "src",
			"sourceTree": "<group>"
		},
		"06938E52-75BA-4070-A1E1-AC341B00CF29": {
			"fileRef": "9C756247-C4A1-4E9B-86DE-939FB238135E",
			"isa": "PBXBuildFile"
		},
		"06D6A5CB-1B6E-4ABE-A738-75E8EF8B7D17": {
			"children": [
				"F88DB73B-DE8C-4D0C-B067-616E2965502B",
				"746DF758-2851-4470-83EE-B0A7E83F86AA"
			],
			"isa": "PBXGroup",
			"name": "ofxSpatialHash",
			"path": "ofxSpatialHash",
			"sourceTree": "<group>"
		},
		"073FEB5D-C02F-42C1-954E-10B51BBA4AA4": {
			"fileEncoding": "4",
			"isa": "PBXFileReference",
			"lastKnownFileType": "sourcecode.cpp.cpp",
			"name": "ofxSoundSpliter.cpp",
			"sourceTree": "<group>"
		},
		"07D69614-E9D0-41DB-A5C4-B4508A97EB61": {
			"fileEncoding": "4",
			"isa": "PBXFileReference",
			"lastKnownFileType": "sourcecode.cpp.cpp",
			"name": "DrawPointsMod.cpp",
			"sourceTree": "<group>"
		},
		"08443202-D48B-4BDD-90B9-878B342CB001": {
			"fileEncoding": "4",
			"isa": "PBXFileReference",
			"lastKnownFileType": "sourcecode.cpp.cpp",
			"name": "ofxHistoryPlot.cpp",
			"sourceTree": "<group>"
		},
		"085328A9-0417-4634-9BBC-670429CBCCFD": {
			"fileRef": "F93C3788-E4E5-4FF7-990A-6911A94B2835",
			"isa": "PBXBuildFile"
		},
		"097618D0-2AB4-4CCC-901C-6D17D5EB1545": {
			"fileRef": "786397CA-6792-42DC-8637-288787F584D7",
			"isa": "PBXBuildFile"
		},
		"0ADA6A0E-B795-4F0D-B3CD-0CB8E857BFA3": {
			"fileEncoding": "4",
			"isa": "PBXFileReference",
			"lastKnownFileType": "sourcecode.cpp.h",
			"name": "_kiss_fft_guts.h",
			"sourceTree": "<group>"
		},
		"0B95A26C-E07E-40EF-80D3-1D0EF7B18184": {
			"fileEncoding": "4",
			"isa": "PBXFileReference",
			"lastKnownFileType": "sourcecode.cpp.h",
			"name": "ofxSlidersGrid.h",
			"sourceTree": "<group>"
		},
		"0B9CDC95-FD46-4CF4-A6DA-2263CC20E1C1": {
			"fileEncoding": "4",
			"isa": "PBXFileReference",
			"lastKnownFileType": "sourcecode.cpp.cpp",
			"name": "IntrospectorMod.cpp",
			"sourceTree": "<group>"
		},
		"0C2B688B-C282-4878-A0CF-126B8BFB63E7": {
			"children": [
				"D2B9C8D6-0BC8-487E-970B-310FEC1D6C07",
				"0C45ECFB-52CA-4C36-B9D6-AAAC05D4D066",
				"74F5AD98-B1CB-48C2-9711-93E85CA614F6",
				"8264260F-FBED-4E5B-9032-5096A2B6DAB1",
				"92BC7007-BC2D-4A51-8E71-58DF994E1972",
				"A7A4E1E5-FEC2-4CCE-A4BA-EA5A99866A61",
				"124FBC2A-CF20-4F0E-9837-30B7668E1809",
				"920DFD47-958F-42AE-8B5B-39BDD965F3F0",
				"66BBC946-6C32-421E-9AE1-FF78DD8717BC",
				"7765552E-D835-40DD-B749-10C8A5423012",
				"7484463A-1A96-4805-B983-5DBEA5BB2043",
				"0F11E12A-0D17-4558-9C25-A401DCEEF990",
				"B296BE1D-A955-4A12-8AFA-6A6AED5D87FD"
			],
			"isa": "PBXGroup",
			"name": "src",
			"path": "src",
			"sourceTree": "<group>"
		},
		"0C45ECFB-52CA-4C36-B9D6-AAAC05D4D066": {
			"fileEncoding": "4",
			"isa": "PBXFileReference",
			"lastKnownFileType": "sourcecode.cpp.cpp",
			"name": "ofxNetworkUtils.cpp",
			"sourceTree": "<group>"
		},
		"0D3AB12C-1F7D-4FA0-9399-5F0E40AA50A2": {
			"fileRef": "C78DB5C3-654C-44B1-8F1C-8F0610529E9F",
			"isa": "PBXBuildFile"
		},
		"0F040FB9-5C32-4DC6-BD64-02BE700D5916": {
			"fileEncoding": "4",
			"isa": "PBXFileReference",
			"lastKnownFileType": "sourcecode.cpp.cpp",
			"name": "ofxPointClusters.cpp",
			"sourceTree": "<group>"
		},
		"0F11E12A-0D17-4558-9C25-A401DCEEF990": {
			"fileEncoding": "4",
			"isa": "PBXFileReference",
			"lastKnownFileType": "sourcecode.cpp.h",
			"name": "ofxUDPManager.h",
			"sourceTree": "<group>"
		},
		"0FA09C7E-E9B8-4450-8FC8-CE4AEDE006D8": {
			"fileEncoding": "4",
			"isa": "PBXFileReference",
			"lastKnownFileType": "sourcecode.cpp.cpp",
			"name": "ofxColorPicker.cpp",
			"sourceTree": "<group>"
		},
		"1066B743-CB6F-41DC-9856-19E777200585": {
			"fileEncoding": "4",
			"isa": "PBXFileReference",
			"lastKnownFileType": "sourcecode.cpp.h",
			"name": "VorticityRenderer.h",
			"sourceTree": "<group>"
		},
		"10CEAD51-D0CB-4ACE-BFC0-181663BC21CE": {
			"fileRef": "41F94EE8-EA1B-4A66-A24B-C9BC4F6BDA4B",
			"isa": "PBXBuildFile"
		},
		"1196F4E8-B92E-49BC-B5AD-8FBF50A95C2C": {
			"children": [
				"A375238A-06A7-49EC-BF2A-0B4F798A6261",
				"6B2FE6F4-118A-443B-8A6E-EE05424A4330"
			],
			"isa": "PBXGroup",
			"name": "src",
			"path": "src",
			"sourceTree": "<group>"
		},
		"124FBC2A-CF20-4F0E-9837-30B7668E1809": {
			"fileEncoding": "4",
			"isa": "PBXFileReference",
			"lastKnownFileType": "sourcecode.cpp.h",
			"name": "ofxTCPManager.h",
			"sourceTree": "<group>"
		},
		"12B49AC0-AFAF-4419-8EB6-19D1579B2A8D": {
			"fileRef": "13263450-7D78-4CE9-A9F2-E1D235EB4CDE",
			"isa": "PBXBuildFile"
		},
		"12EAA409-A9EC-43E0-A155-42302EB4B8BD": {
			"fileEncoding": "4",
			"isa": "PBXFileReference",
			"lastKnownFileType": "sourcecode.cpp.cpp",
			"name": "ofxParticleSet.cpp",
			"sourceTree": "<group>"
		},
		"13263450-7D78-4CE9-A9F2-E1D235EB4CDE": {
			"fileEncoding": "4",
			"isa": "PBXFileReference",
			"lastKnownFileType": "sourcecode.cpp.cpp",
			"name": "ofxToggle.cpp",
			"sourceTree": "<group>"
		},
		"14C00F73-24EF-410F-9B11-CBBF0CB6B6AF": {
			"fileEncoding": "4",
			"isa": "PBXFileReference",
			"lastKnownFileType": "sourcecode.cpp.h",
			"name": "ofxGist.h",
			"sourceTree": "<group>"
		},
		"14F4A413-A001-441F-AE34-08084039B8FA": {
			"fileEncoding": "4",
			"isa": "PBXFileReference",
			"lastKnownFileType": "sourcecode.cpp.cpp",
			"name": "FileClient.cpp",
			"sourceTree": "<group>"
		},
		"153FB9EE-87AE-46A3-8CB8-B867EB86EC25": {
			"fileEncoding": "4",
			"isa": "PBXFileReference",
			"lastKnownFileType": "sourcecode.cpp.cpp",
			"name": "ofxSoundUtils.cpp",
			"sourceTree": "<group>"
		},
		"15DACC1F-BD92-483F-84CE-8F4C88B6A447": {
			"fileRef": "82E852FF-F117-43D3-B36A-879E9B148C20",
			"isa": "PBXBuildFile"
		},
		"16C23123-9658-4FE9-A84C-3A4E41A6BA20": {
			"fileEncoding": "4",
			"isa": "PBXFileReference",
			"lastKnownFileType": "sourcecode.cpp.cpp",
			"name": "RandomFloatSourceMod.cpp",
			"sourceTree": "<group>"
		},
		"16F7E8E8-4130-466F-87C2-9BFF3C81D0A2": {
			"fileEncoding": "4",
			"isa": "PBXFileReference",
			"lastKnownFileType": "sourcecode.cpp.h",
			"name": "ofxSoundObject.h",
			"sourceTree": "<group>"
		},
		"172A0497-17F2-4FED-8EE2-24B3F43D00BD": {
			"children": [
				"9C756247-C4A1-4E9B-86DE-939FB238135E",
				"05537AC9-A34C-4FD7-AC9B-0B290BA5C8FF"
			],
			"isa": "PBXGroup",
			"name": "onset-detection-functions",
			"path": "onset-detection-functions",
			"sourceTree": "<group>"
		},
		"177767BE-16D6-4184-BDD3-1CB201CA348C": {
			"children": [
				"2A009F98-26D2-4E7A-BAD1-AB9F8C5A113A",
				"3D16F9C8-73AB-4719-ACD6-C8725E12B6BD",
				"4B68C4DD-BF7F-49B3-BA8D-5EF302C2233E",
				"6193D3FE-2D68-4234-8A23-2146C7A24592"
			],
			"isa": "PBXGroup",
			"name": "src",
			"path": "src",
			"sourceTree": "<group>"
		},
		"17F1D9E1-D888-4573-9D96-4C48E8DA73DC": {
			"fileRef": "32C030B6-0A81-4F1F-A254-332D13DA7BBE",
			"isa": "PBXBuildFile"
		},
		"184D216E-2F20-41F8-9380-F87422D86177": {
			"children": [
				"04D4CDB0-520A-421D-8FA6-6883C0667FED",
				"9A88D707-58A6-42F8-B3E1-486B387854CD",
				"16C23123-9658-4FE9-A84C-3A4E41A6BA20",
				"431687BB-9079-4F56-9FB6-5C08B4903A1D",
				"3061AF2C-D859-4202-83B6-AC77C5591876",
				"6CBEACC0-8E3A-4F07-AC1F-EBB0510D2DCD"
			],
			"isa": "PBXGroup",
			"name": "sourceMods",
			"path": "sourceMods",
			"sourceTree": "<group>"
		},
		"18D7D659-9A8D-4A3A-9C0C-E633411B2599": {
			"fileEncoding": "4",
			"isa": "PBXFileReference",
			"lastKnownFileType": "sourcecode.cpp.h",
			"name": "ofxSoundRecorderObject.h",
			"sourceTree": "<group>"
		},
		"191CD6FA2847E21E0085CBB6": {
			"fileEncoding": "4",
			"isa": "PBXFileReference",
			"lastKnownFileType": "text.plist.entitlements",
			"path": "of.entitlements",
			"sourceTree": "<group>"
		},
		"191EF70929D778A400F35F26": {
			"isa": "PBXFileReference",
			"lastKnownFileType": "folder",
			"name": "openFrameworks",
			"path": "../../../libs/openFrameworks",
			"sourceTree": "SOURCE_ROOT"
		},
		"19561080-456F-4719-B1F0-08ECE5360A26": {
			"fileEncoding": "4",
			"isa": "PBXFileReference",
			"lastKnownFileType": "sourcecode.cpp.h",
			"name": "TranslateShader.h",
			"sourceTree": "<group>"
		},
		"199BFD14-E136-4150-9E6A-F0B862534707": {
			"fileEncoding": "4",
			"isa": "PBXFileReference",
			"lastKnownFileType": "sourcecode.cpp.cpp",
			"name": "ofxSoundRecorderObject.cpp",
			"sourceTree": "<group>"
		},
		"19B789C429E5AB4A0082E9B8": {
			"alwaysOutOfDate": "1",
			"buildActionMask": "2147483647",
			"files": [],
			"inputFileListPaths": [],
			"inputPaths": [],
			"isa": "PBXShellScriptBuildPhase",
			"outputFileListPaths": [],
			"outputPaths": [],
			"runOnlyForDeploymentPostprocessing": "0",
			"shellPath": "/bin/sh",
			"shellScript": "\"$OF_PATH/scripts/osx/xcode_project.sh\"\n",
			"showEnvVarsInLog": "0"
		},
		"1A0DAF80-370B-4289-95BB-B28F607835C3": {
			"fileRef": "14F4A413-A001-441F-AE34-08084039B8FA",
			"isa": "PBXBuildFile"
		},
		"1B40BFBB-62B8-4CC5-AF4E-C3E162F7652E": {
			"fileEncoding": "4",
			"isa": "PBXFileReference",
			"lastKnownFileType": "sourcecode.cpp.h",
			"name": "ofxAudioAnalysisClient.h",
			"sourceTree": "<group>"
		},
		"1D02DFC5-0E68-4392-AD12-F70D06343312": {
			"fileRef": "5EEBE0AF-90C7-446C-86C6-E3B955D32B28",
			"isa": "PBXBuildFile"
		},
		"1D3418D5-51D5-4645-BE8E-C937F36F3DD0": {
			"fileEncoding": "4",
			"isa": "PBXFileReference",
			"lastKnownFileType": "sourcecode.cpp.h",
			"name": "SpectrumPlots.hpp",
			"sourceTree": "<group>"
		},
		"1DCCAED2-2F04-4157-A97E-A18643A69468": {
			"fileEncoding": "4",
			"isa": "PBXFileReference",
			"lastKnownFileType": "sourcecode.cpp.h",
			"name": "ofxDividedArea.h",
			"sourceTree": "<group>"
		},
		"1E0BC1A4-49A6-41CA-AA8C-883CE671DE85": {
			"fileEncoding": "4",
			"isa": "PBXFileReference",
			"lastKnownFileType": "sourcecode.cpp.cpp",
			"name": "CoreFrequencyDomainFeatures.cpp",
			"sourceTree": "<group>"
		},
		"1EA2B9E5-DA1B-4257-9A28-71333E568A6B": {
			"fileEncoding": "4",
			"isa": "PBXFileReference",
			"lastKnownFileType": "sourcecode.cpp.h",
			"name": "MultiplyColorShader.h",
			"sourceTree": "<group>"
		},
		"1ED9C559-B4B0-4B3D-87FD-E8F9416EA992": {
			"fileRef": "8BA40B38-4F0D-42F8-A243-878376BACE75",
			"isa": "PBXBuildFile"
		},
		"1EF2D767-5919-42DA-B52B-75BFCDEF5FE6": {
			"fileEncoding": "4",
			"isa": "PBXFileReference",
			"lastKnownFileType": "sourcecode.cpp.cpp",
			"name": "Synth.cpp",
			"sourceTree": "<group>"
		},
		"1F4DBC49-1C61-4A76-82C2-B2BE70BDA3CC": {
			"fileEncoding": "4",
			"isa": "PBXFileReference",
			"lastKnownFileType": "sourcecode.cpp.cpp",
			"name": "ofxButton.cpp",
			"sourceTree": "<group>"
		},
		"214717D8-06A5-4209-BBBD-B595A76665EA": {
			"fileRef": "3DAF107D-832D-4A9E-B5CD-0117FFCEF944",
			"isa": "PBXBuildFile"
		},
		"21960575-C687-4969-B505-01CB177DA986": {
			"fileEncoding": "4",
			"isa": "PBXFileReference",
			"lastKnownFileType": "sourcecode.cpp.h",
			"name": "ofxSoundMultiplexer.h",
			"sourceTree": "<group>"
		},
		"21E180ED-1B19-41DD-A585-ED49BBDECD5F": {
			"fileEncoding": "4",
			"isa": "PBXFileReference",
			"lastKnownFileType": "sourcecode.cpp.cpp",
			"name": "ofxSoundObject.cpp",
			"sourceTree": "<group>"
		},
		"21FE22EF-40FF-47B5-BAE9-2CEE9189C58B": {
			"fileEncoding": "4",
			"isa": "PBXFileReference",
			"lastKnownFileType": "sourcecode.cpp.cpp",
			"name": "ofxOscParameterSync.cpp",
			"sourceTree": "<group>"
		},
		"2249A85D-3C6C-4853-B263-7CAF018BC5DE": {
			"fileEncoding": "4",
			"isa": "PBXFileReference",
			"lastKnownFileType": "sourcecode.cpp.h",
			"name": "ofxSoundObjectsConstants.h",
			"sourceTree": "<group>"
		},
		"2265271F-6C9D-422E-A41F-801CCD079B2E": {
			"fileEncoding": "4",
			"isa": "PBXFileReference",
			"lastKnownFileType": "sourcecode.cpp.h",
			"name": "ofxSoundFile.h",
			"sourceTree": "<group>"
		},
		"23DB2728-FEF0-4248-9B16-69355D86DFA2": {
			"children": [
				"60330DC9-6FCE-48D3-A12B-3AB251DFFB73",
				"14C00F73-24EF-410F-9B11-CBBF0CB6B6AF"
			],
			"isa": "PBXGroup",
			"name": "src",
			"path": "src",
			"sourceTree": "<group>"
		},
		"245A1135-AA11-4825-A2D3-38A09057686C": {
			"fileRef": "21FE22EF-40FF-47B5-BAE9-2CEE9189C58B",
			"isa": "PBXBuildFile"
		},
		"2789F203-30E7-48CB-BCA0-0EB630B58423": {
			"children": [
				"1196F4E8-B92E-49BC-B5AD-8FBF50A95C2C"
			],
			"isa": "PBXGroup",
			"name": "ofxIntrospector",
			"path": "ofxIntrospector",
			"sourceTree": "<group>"
		},
		"28A7D493-D212-4408-9DCA-AFB41485A142": {
			"fileEncoding": "4",
			"isa": "PBXFileReference",
			"lastKnownFileType": "sourcecode.cpp.h",
			"name": "MaskShader.h",
			"sourceTree": "<group>"
		},
		"2A009F98-26D2-4E7A-BAD1-AB9F8C5A113A": {
			"fileEncoding": "4",
			"isa": "PBXFileReference",
			"lastKnownFileType": "sourcecode.cpp.cpp",
			"name": "ofxContinuousSomPalette.cpp",
			"sourceTree": "<group>"
		},
		"2A48234E-D46A-407B-B822-B59F830201FB": {
			"children": [
				"ED5AF252-E24A-440E-9EB7-3539EF79F1CE",
				"4698C423-BDAC-4EFD-B72F-FE881C016417",
				"07D69614-E9D0-41DB-A5C4-B4508A97EB61",
				"3CEABAE6-76EC-446B-9D38-F26A874836F0",
				"0B9CDC95-FD46-4CF4-A6DA-2263CC20E1C1",
				"D3E6DD5A-B263-4363-9AE8-0D58E7B614A3"
			],
			"isa": "PBXGroup",
			"name": "sinkMods",
			"path": "sinkMods",
			"sourceTree": "<group>"
		},
		"2A533329-0032-4469-ABF3-252FFA024C98": {
			"fileEncoding": "4",
			"isa": "PBXFileReference",
			"lastKnownFileType": "sourcecode.cpp.h",
			"name": "Synth.hpp",
			"sourceTree": "<group>"
		},
		"2BF3A9EF-7B9B-4473-A409-5E7BE458218F": {
			"fileRef": "B4D5E29B-567D-4B85-9D8A-E007C47B963D",
			"isa": "PBXBuildFile"
		},
		"2C4AF882-8A5C-4FBE-A4C5-2ECA2ADBE77F": {
			"fileEncoding": "4",
			"isa": "PBXFileReference",
			"lastKnownFileType": "sourcecode.cpp.h",
			"name": "AddTextureShader.h",
			"sourceTree": "<group>"
		},
		"2C5F1748-9979-4A50-839B-DDA931AF29E3": {
			"fileEncoding": "4",
			"isa": "PBXFileReference",
			"lastKnownFileType": "sourcecode.cpp.h",
			"name": "OscPacketListener.h",
			"sourceTree": "<group>"
		},
		"2E246035-CFA1-416E-B4A7-DEC014CC0934": {
			"fileEncoding": "4",
			"isa": "PBXFileReference",
			"lastKnownFileType": "sourcecode.cpp.h",
			"name": "OscException.h",
			"sourceTree": "<group>"
		},
		"2E30801D-42A2-4C31-9972-6B9B327EEF80": {
			"fileRef": "9D3E2210-0AE4-4399-92B2-9E064885971D",
			"isa": "PBXBuildFile"
		},
		"2F8704AC-082A-4847-A0FE-B2B12E7612F9": {
			"fileRef": "16C23123-9658-4FE9-A84C-3A4E41A6BA20",
			"isa": "PBXBuildFile"
		},
		"30609CC9-C86F-442D-B0C0-C83C32454459": {
			"children": [
				"32C030B6-0A81-4F1F-A254-332D13DA7BBE",
				"4486A4A6-CEFA-462C-ACF9-377C75444473",
				"1F4DBC49-1C61-4A76-82C2-B2BE70BDA3CC",
				"47145527-D3C9-4850-AC2A-4D39348E8518",
				"0FA09C7E-E9B8-4450-8FC8-CE4AEDE006D8",
				"C6440376-7EB0-4098-8CB4-360D5BA34AD3",
				"31F243CE-F67E-4AEE-AA8C-4E7A878459E9",
				"ED9216A8-88C4-47A1-A999-1C0FEB48D843",
				"8B1E05E8-699D-48F2-94E2-5BCEB13A83F9",
				"62DDFFDD-0762-4A30-835B-2A2C7602F0BC",
				"6FAFF94F-CA4A-4BD8-9397-3B233E7F058F",
				"377E52F8-03AE-443B-8B9E-AC502ED3B094",
				"6DB20544-D2AF-43CB-B950-C47AE7E95727",
				"3796F9DA-BBB5-4E9E-9D96-F0561DAE2A05",
				"7D1C24CA-CA28-4EC2-9728-A8019707D0E9",
				"C372A29C-7C9A-442C-AC80-3C55EB4B2096",
				"FD813880-09DE-4CF0-997A-8F255EF53AC3",
				"44175A50-0618-4403-AA9E-2375B28F0047",
				"70A952B2-6587-49C2-8201-B0658355146D",
				"BCD465C0-0482-46F6-9228-B221E29C3C18",
				"13263450-7D78-4CE9-A9F2-E1D235EB4CDE",
				"EA5053E3-FCA9-4AAE-AD9C-168DD56DD717"
			],
			"isa": "PBXGroup",
			"name": "src",
			"path": "src",
			"sourceTree": "<group>"
		},
		"3061AF2C-D859-4202-83B6-AC77C5591876": {
			"fileEncoding": "4",
			"isa": "PBXFileReference",
			"lastKnownFileType": "sourcecode.cpp.cpp",
			"name": "RandomVecSourceMod.cpp",
			"sourceTree": "<group>"
		},
		"31F243CE-F67E-4AEE-AA8C-4E7A878459E9": {
			"fileEncoding": "4",
			"isa": "PBXFileReference",
			"lastKnownFileType": "sourcecode.cpp.h",
			"name": "ofxGui.h",
			"sourceTree": "<group>"
		},
		"32C030B6-0A81-4F1F-A254-332D13DA7BBE": {
			"fileEncoding": "4",
			"isa": "PBXFileReference",
			"lastKnownFileType": "sourcecode.cpp.cpp",
			"name": "ofxBaseGui.cpp",
			"sourceTree": "<group>"
		},
		"3576107F-E7C2-4244-B15C-4A8B3516B7CE": {
			"fileEncoding": "4",
			"isa": "PBXFileReference",
			"lastKnownFileType": "sourcecode.cpp.cpp",
			"name": "ofxSelfOrganizingMap.cpp",
			"sourceTree": "<group>"
		},
		"35A3EFD7-C2FC-4CD3-A548-8E309866A6C5": {
			"fileRef": "939E568E-DD20-4CE9-845D-61FE0F307AC6",
			"isa": "PBXBuildFile"
		},
		"35C8984C-1122-4D9F-9DDF-33A39AC45502": {
			"fileEncoding": "4",
			"isa": "PBXFileReference",
			"lastKnownFileType": "sourcecode.cpp.h",
			"name": "NullOutput.h",
			"sourceTree": "<group>"
		},
		"36C7EE38-AD8F-4F88-AEF8-C94571ED7BA1": {
			"fileEncoding": "4",
			"isa": "PBXFileReference",
			"lastKnownFileType": "sourcecode.cpp.h",
			"name": "VUMeter.h",
			"sourceTree": "<group>"
		},
		"370CFC1F-ADC0-4ED5-A433-B6A8521E901C": {
			"fileEncoding": "4",
			"isa": "PBXFileReference",
			"lastKnownFileType": "sourcecode.cpp.h",
			"name": "OscTypes.h",
			"sourceTree": "<group>"
		},
		"374C322B-F1FD-4D41-94F4-D0348B96728B": {
			"fileEncoding": "4",
			"isa": "PBXFileReference",
			"lastKnownFileType": "sourcecode.cpp.h",
			"name": "Shader.h",
			"sourceTree": "<group>"
		},
		"377E52F8-03AE-443B-8B9E-AC502ED3B094": {
			"fileEncoding": "4",
			"isa": "PBXFileReference",
			"lastKnownFileType": "sourcecode.cpp.h",
			"name": "ofxInputField.h",
			"sourceTree": "<group>"
		},
		"3796F9DA-BBB5-4E9E-9D96-F0561DAE2A05": {
			"fileEncoding": "4",
			"isa": "PBXFileReference",
			"lastKnownFileType": "sourcecode.cpp.h",
			"name": "ofxLabel.h",
			"sourceTree": "<group>"
		},
		"37F80A22-FED8-4F7F-B134-355AB820CCFA": {
			"fileEncoding": "4",
			"isa": "PBXFileReference",
			"lastKnownFileType": "sourcecode.cpp.cpp",
			"name": "ofxOscBundle.cpp",
			"sourceTree": "<group>"
		},
		"39B40495-607E-4CE6-BBF5-CDAF40410C5A": {
			"children": [
				"4E081322-8990-4FF6-A3C1-C8729E743B2D"
			],
			"isa": "PBXGroup",
			"name": "oscpack",
			"path": "oscpack",
			"sourceTree": "<group>"
		},
		"3A7EEEBE-145F-40E3-9914-A9213EA6EE4E": {
			"children": [
				"4820B926-08E4-40B3-9A45-4B5F23E615A6",
				"A3486834-18F6-49C3-8337-2FDDFC849E2B"
			],
			"isa": "PBXGroup",
			"name": "posix",
			"path": "posix",
			"sourceTree": "<group>"
		},
		"3B064219-985D-4E39-A88F-02369CF76BF6": {
			"children": [
				"E0AC4744-2CE8-40B9-819D-A171A88C9AAD",
				"84367ADF-6158-4B5A-A749-00980B744D7B"
			],
			"isa": "PBXGroup",
			"name": "mfcc",
			"path": "mfcc",
			"sourceTree": "<group>"
		},
		"3BF02BF6-1D58-400B-93ED-0326258F7884": {
			"fileRef": "7E3161CE-9BE0-4DD4-9F55-A83CF7D25CCD",
			"isa": "PBXBuildFile"
		},
		"3CE23718-5A7F-400C-B657-662A8C9C1FC5": {
			"fileEncoding": "4",
			"isa": "PBXFileReference",
			"lastKnownFileType": "sourcecode.cpp.h",
			"name": "dr_wav.h",
			"sourceTree": "<group>"
		},
		"3CEABAE6-76EC-446B-9D38-F26A874836F0": {
			"fileEncoding": "4",
			"isa": "PBXFileReference",
			"lastKnownFileType": "sourcecode.cpp.h",
			"name": "DrawPointsMod.hpp",
			"sourceTree": "<group>"
		},
		"3D16F9C8-73AB-4719-ACD6-C8725E12B6BD": {
			"fileEncoding": "4",
			"isa": "PBXFileReference",
			"lastKnownFileType": "sourcecode.cpp.h",
			"name": "ofxContinuousSomPalette.hpp",
			"sourceTree": "<group>"
		},
		"3DAF107D-832D-4A9E-B5CD-0117FFCEF944": {
			"fileEncoding": "4",
			"isa": "PBXFileReference",
			"lastKnownFileType": "sourcecode.cpp.cpp",
			"name": "CoreTimeDomainFeatures.cpp",
			"sourceTree": "<group>"
		},
		"3FB865BA-5222-4153-86BD-9B5E5485DF94": {
			"fileRef": "7484463A-1A96-4805-B983-5DBEA5BB2043",
			"isa": "PBXBuildFile"
		},
		"41F94EE8-EA1B-4A66-A24B-C9BC4F6BDA4B": {
			"fileEncoding": "4",
			"isa": "PBXFileReference",
			"lastKnownFileType": "sourcecode.cpp.cpp",
			"name": "Chromagram.cpp",
			"sourceTree": "<group>"
		},
		"428BFB8F-6A2A-4483-B5C8-E6F581D56545": {
			"fileRef": "A375238A-06A7-49EC-BF2A-0B4F798A6261",
			"isa": "PBXBuildFile"
		},
		"43139A92-EB48-48C8-9320-AE6FBCE0E46D": {
			"fileEncoding": "4",
			"isa": "PBXFileReference",
			"lastKnownFileType": "sourcecode.cpp.h",
			"name": "ofxOscReceiver.h",
			"sourceTree": "<group>"
		},
		"431687BB-9079-4F56-9FB6-5C08B4903A1D": {
			"fileEncoding": "4",
			"isa": "PBXFileReference",
			"lastKnownFileType": "sourcecode.cpp.h",
			"name": "RandomFloatSourceMod.hpp",
			"sourceTree": "<group>"
		},
		"436E02F3-B3AB-40D4-8E77-085F41126146": {
			"fileEncoding": "4",
			"isa": "PBXFileReference",
			"lastKnownFileType": "sourcecode.cpp.h",
			"name": "IpEndpointName.h",
			"sourceTree": "<group>"
		},
		"43BF1900-B903-45AD-B0E9-8CCBF81B3EA7": {
			"fileEncoding": "4",
			"isa": "PBXFileReference",
			"lastKnownFileType": "sourcecode.cpp.cpp",
			"name": "ofxSoundFile.cpp",
			"sourceTree": "<group>"
		},
		"43D6EEEC-E914-41A8-9095-9A9EE49AFDE2": {
			"fileEncoding": "4",
			"isa": "PBXFileReference",
			"lastKnownFileType": "sourcecode.cpp.h",
			"name": "PingPongRenderer.h",
			"sourceTree": "<group>"
		},
		"44175A50-0618-4403-AA9E-2375B28F0047": {
			"fileEncoding": "4",
			"isa": "PBXFileReference",
			"lastKnownFileType": "sourcecode.cpp.h",
			"name": "ofxSlider.h",
			"sourceTree": "<group>"
		},
		"4427F60C-4E84-4AC7-9AA0-AA3CA68A0EAE": {
			"children": [
				"89592A51-A111-408B-BB48-2BA24E06C2EC",
				"8FC1181C-1C6E-45AF-BB7A-A9D0E3054096",
				"14F4A413-A001-441F-AE34-08084039B8FA",
				"F6AB5724-6218-4E79-85CA-D3B9A61927FC",
				"6E057517-ED28-4398-8B79-1920780B098A",
				"A8F73C26-D986-4B03-839C-3EC4075966A5",
				"BD02E84D-14B7-4314-BF68-6955BC2C3E2A",
				"FFA585C9-67D7-46C0-8D93-AA266FD204D3",
				"1B40BFBB-62B8-4CC5-AF4E-C3E162F7652E"
			],
			"isa": "PBXGroup",
			"name": "src",
			"path": "src",
			"sourceTree": "<group>"
		},
		"4486A4A6-CEFA-462C-ACF9-377C75444473": {
			"fileEncoding": "4",
			"isa": "PBXFileReference",
			"lastKnownFileType": "sourcecode.cpp.h",
			"name": "ofxBaseGui.h",
			"sourceTree": "<group>"
		},
		"45AEEF33-6360-469E-843F-2C6CFBA2B616": {
			"children": [
				"938F9490-5865-46EE-82CA-BD86317704D3"
			],
			"isa": "PBXGroup",
			"name": "Gist",
			"path": "Gist",
			"sourceTree": "<group>"
		},
		"4698C423-BDAC-4EFD-B72F-FE881C016417": {
			"fileEncoding": "4",
			"isa": "PBXFileReference",
			"lastKnownFileType": "sourcecode.cpp.h",
			"name": "DividedAreaMod.hpp",
			"sourceTree": "<group>"
		},
		"47145527-D3C9-4850-AC2A-4D39348E8518": {
			"fileEncoding": "4",
			"isa": "PBXFileReference",
			"lastKnownFileType": "sourcecode.cpp.h",
			"name": "ofxButton.h",
			"sourceTree": "<group>"
		},
		"48021EC4-DB2E-482C-B3DD-96E9C86D3546": {
			"fileRef": "43BF1900-B903-45AD-B0E9-8CCBF81B3EA7",
			"isa": "PBXBuildFile"
		},
		"4820B926-08E4-40B3-9A45-4B5F23E615A6": {
			"fileEncoding": "4",
			"isa": "PBXFileReference",
			"lastKnownFileType": "sourcecode.cpp.cpp",
			"name": "NetworkingUtils.cpp",
			"sourceTree": "<group>"
		},
		"489770B0-D037-4A1A-9ACC-B3698EC08702": {
			"fileEncoding": "4",
			"isa": "PBXFileReference",
			"lastKnownFileType": "sourcecode.cpp.h",
			"name": "MessageMappingOscPacketListener.h",
			"sourceTree": "<group>"
		},
		"4939F587-9555-4133-A67A-C8259CBDD1DD": {
			"fileEncoding": "4",
			"isa": "PBXFileReference",
			"lastKnownFileType": "sourcecode.cpp.h",
			"name": "DividerLine.hpp",
			"sourceTree": "<group>"
		},
		"4B68C4DD-BF7F-49B3-BA8D-5EF302C2233E": {
			"fileEncoding": "4",
			"isa": "PBXFileReference",
			"lastKnownFileType": "sourcecode.cpp.cpp",
			"name": "ofxSomPalette.cpp",
			"sourceTree": "<group>"
		},
		"4BC6D9F7-8BBC-4539-A9A2-814207543CB8": {
			"children": [
				"9E85E53F-6F7D-45CE-A34D-EA8EE4231C5B"
			],
			"isa": "PBXGroup",
			"name": "ofxPointClusters",
			"path": "ofxPointClusters",
			"sourceTree": "<group>"
		},
		"4C293977-6396-48DD-9366-D67832965C8C": {
			"fileEncoding": "4",
			"isa": "PBXFileReference",
			"lastKnownFileType": "sourcecode.cpp.h",
			"name": "CoreFrequencyDomainFeatures.h",
			"sourceTree": "<group>"
		},
		"4C875883-E693-43DE-8B09-14145AA98632": {
			"fileRef": "8D3D08B1-2718-4876-8D10-B14FF532C006",
			"isa": "PBXBuildFile"
		},
		"4E081322-8990-4FF6-A3C1-C8729E743B2D": {
			"children": [
				"EB167AB9-7187-4DAE-9CD6-18C1E5468853",
				"7F9D70A2-ADB9-42B4-A327-26E2E092B018"
			],
			"isa": "PBXGroup",
			"name": "src",
			"path": "src",
			"sourceTree": "<group>"
		},
		"4EBF63FB-0732-4DBB-84F6-F1D78E7F8B1F": {
			"children": [
				"AF331A89-C2EC-479F-8324-10486E7E888D"
			],
			"isa": "PBXGroup",
			"name": "ofxRenderer",
			"path": "ofxRenderer",
			"sourceTree": "<group>"
		},
		"4EEB2AF3-6215-4475-94BE-B8D4BF850116": {
			"children": [
				"9F0E1DE6-70E9-4E28-A073-01E77FC8C79B",
				"F1F51318-13FC-4E38-8EA7-101AB59145F8",
				"5947CB3E-2945-4938-84D8-F31EEEB835E6",
				"BB0755E8-FBF9-48D3-B9A5-76F7A836C659",
				"A809D440-E60F-4A84-BD67-1AEB94C26DE9",
				"562B165B-0B43-461D-94BF-73980E3D6D42",
				"43BF1900-B903-45AD-B0E9-8CCBF81B3EA7",
				"2265271F-6C9D-422E-A41F-801CCD079B2E",
				"E793ACFC-8532-45D9-BC14-4CCC44FE2221",
				"5976FC1F-CCD1-4F6A-A42F-3A8ADD9396AF",
				"A02653B7-0991-43B7-9F3E-33BE383FCF8B",
				"9B0DF934-3E59-473F-9746-D5A4C1B2F741",
				"9D3E2210-0AE4-4399-92B2-9E064885971D",
				"21960575-C687-4969-B505-01CB177DA986",
				"21E180ED-1B19-41DD-A585-ED49BBDECD5F",
				"16F7E8E8-4130-466F-87C2-9BFF3C81D0A2",
				"5000D2E4-74D0-4A8E-9BC6-69FADF85FD5E",
				"2249A85D-3C6C-4853-B263-7CAF018BC5DE",
				"915ABCB8-1586-4CA9-9901-B88513502BE9",
				"199BFD14-E136-4150-9E6A-F0B862534707",
				"18D7D659-9A8D-4A3A-9C0C-E633411B2599",
				"073FEB5D-C02F-42C1-954E-10B51BBA4AA4",
				"97917130-2B9E-4DC3-AC28-2F87E59C24C9",
				"153FB9EE-87AE-46A3-8CB8-B867EB86EC25",
				"C5F99DEB-1CFB-4F36-9654-757E19955D82"
			],
			"isa": "PBXGroup",
			"name": "src",
			"path": "src",
			"sourceTree": "<group>"
		},
		"4F234B58-F9D6-47C9-B00C-A0FB56963B0B": {
			"children": [
				"C186D259-86B9-4E8C-B88C-CFC301F671DA",
				"8EAE5813-A61D-4718-A70A-4FC7821BEA9C",
				"3CE23718-5A7F-400C-B657-662A8C9C1FC5",
				"55901EC6-3D67-40E6-A872-66403DF91100"
			],
			"isa": "PBXGroup",
			"name": "libs",
			"path": "libs",
			"sourceTree": "<group>"
		},
		"4FD401F0-39C0-42B7-8ED7-04DB4997A9CD": {
			"fileRef": "E0AC4744-2CE8-40B9-819D-A171A88C9AAD",
			"isa": "PBXBuildFile"
		},
		"4FE1F8B2-305E-4C20-99CC-9196761D5B30": {
			"fileRef": "1EF2D767-5919-42DA-B52B-75BFCDEF5FE6",
			"isa": "PBXBuildFile"
		},
		"5000D2E4-74D0-4A8E-9BC6-69FADF85FD5E": {
			"fileEncoding": "4",
			"isa": "PBXFileReference",
			"lastKnownFileType": "sourcecode.cpp.h",
			"name": "ofxSoundObjects.h",
			"sourceTree": "<group>"
		},
		"513C5F91-3FB0-4129-A18F-5C582E748672": {
			"fileRef": "6E057517-ED28-4398-8B79-1920780B098A",
			"isa": "PBXBuildFile"
		},
		"518C53C4-A939-43B9-848E-8FD3BA06AE2D": {
			"fileEncoding": "4",
			"isa": "PBXFileReference",
			"lastKnownFileType": "sourcecode.cpp.h",
			"name": "UdpSocket.h",
			"sourceTree": "<group>"
		},
		"553E3F6F-7A03-4EEB-9233-03A04ADFF0A0": {
			"children": [
				"177767BE-16D6-4184-BDD3-1CB201CA348C"
			],
			"isa": "PBXGroup",
			"name": "ofxSomPalette",
			"path": "ofxSomPalette",
			"sourceTree": "<group>"
		},
		"55694A9B-264E-4110-B4FA-48D70359F838": {
			"fileRef": "12EAA409-A9EC-43E0-A155-42302EB4B8BD",
			"isa": "PBXBuildFile"
		},
		"55901EC6-3D67-40E6-A872-66403DF91100": {
			"fileEncoding": "4",
			"isa": "PBXFileReference",
			"lastKnownFileType": "sourcecode.cpp.h",
			"name": "stb_vorbis.h",
			"sourceTree": "<group>"
		},
		"562B165B-0B43-461D-94BF-73980E3D6D42": {
			"fileEncoding": "4",
			"isa": "PBXFileReference",
			"lastKnownFileType": "sourcecode.cpp.h",
			"name": "ofxSingleSoundPlayer.h",
			"sourceTree": "<group>"
		},
		"575338D2-CFF1-40E3-8108-5D6CDB560011": {
			"children": [
				"2C4AF882-8A5C-4FBE-A4C5-2ECA2ADBE77F",
				"C03F7C2E-9D7F-4FFA-8A71-A68516A976AB",
				"6F25A591-C139-4823-8FEC-8157BAF21A5D",
				"6EC2BC92-BC66-4E6E-85A5-7D9F1747CBBA",
				"28A7D493-D212-4408-9DCA-AFB41485A142",
				"1EA2B9E5-DA1B-4257-9A28-71333E568A6B",
				"6A7416D9-9650-4CC6-A38E-8787432AAC36",
				"19561080-456F-4719-B1F0-08ECE5360A26"
			],
			"isa": "PBXGroup",
			"name": "shaders",
			"path": "shaders",
			"sourceTree": "<group>"
		},
		"577250E0-70B4-4DFF-8C97-A4B3E0C77E92": {
			"fileEncoding": "4",
			"isa": "PBXFileReference",
			"lastKnownFileType": "sourcecode.cpp.cpp",
			"name": "SpectrumPlots.cpp",
			"sourceTree": "<group>"
		},
		"58DA24D4-255E-429A-947C-9999995B7D66": {
			"children": [
				"E86EB8DA-3034-4748-90A8-8D765F4E2A53",
				"05E598B1-EA59-4DF2-AC06-CA9DDFF75640"
			],
			"isa": "PBXGroup",
			"name": "ofxOsc",
			"path": "ofxOsc",
			"sourceTree": "<group>"
		},
		"5947CB3E-2945-4938-84D8-F31EEEB835E6": {
			"fileEncoding": "4",
			"isa": "PBXFileReference",
			"lastKnownFileType": "sourcecode.cpp.cpp",
			"name": "ofxMultiSoundPlayer.cpp",
			"sourceTree": "<group>"
		},
		"5976FC1F-CCD1-4F6A-A42F-3A8ADD9396AF": {
			"fileEncoding": "4",
			"isa": "PBXFileReference",
			"lastKnownFileType": "sourcecode.cpp.h",
			"name": "ofxSoundMatrixMixer.h",
			"sourceTree": "<group>"
		},
		"5CAE11F8-495E-43D8-B298-FA4DD5977189": {
			"children": [
				"76856673-77B5-4A69-AA6C-DAA59826B618"
			],
			"isa": "PBXGroup",
			"name": "ofx",
			"path": "ofx",
			"sourceTree": "<group>"
		},
		"5E4BFF46-DD07-4EA0-8766-E29E73F305AE": {
			"fileEncoding": "4",
			"isa": "PBXFileReference",
			"lastKnownFileType": "sourcecode.cpp.cpp",
			"name": "ofxSlidersGrid.cpp",
			"sourceTree": "<group>"
		},
		"5EEBE0AF-90C7-446C-86C6-E3B955D32B28": {
			"fileEncoding": "4",
			"isa": "PBXFileReference",
			"lastKnownFileType": "sourcecode.cpp.cpp",
			"name": "ofxMotionFromVideo.cpp",
			"sourceTree": "<group>"
		},
		"60330DC9-6FCE-48D3-A12B-3AB251DFFB73": {
			"fileEncoding": "4",
			"isa": "PBXFileReference",
			"lastKnownFileType": "sourcecode.cpp.cpp",
			"name": "ofxGist.cpp",
			"sourceTree": "<group>"
		},
		"60F5C036-3865-4F85-BE40-AD9A9AC2AF98": {
			"fileEncoding": "4",
			"isa": "PBXFileReference",
			"lastKnownFileType": "sourcecode.cpp.cpp",
			"name": "ofxOscSender.cpp",
			"sourceTree": "<group>"
		},
		"612D1A2B-2F99-464D-AF79-C5DD9A389666": {
			"children": [
				"F2B2B60A-E4EA-49F0-8DE0-B6E31A3526BF",
				"E2F4FC96-A491-4EEF-892E-969A82D97D89"
			],
			"isa": "PBXGroup",
			"name": "src",
			"path": "src",
			"sourceTree": "<group>"
		},
		"61389EEE-9F29-44F4-8942-77599F3B5C1A": {
			"children": [
				"F6E1616D-3350-4CE6-AE3C-5572514751C9"
			],
			"isa": "PBXGroup",
			"name": "ofxHistoryPlot",
			"path": "ofxHistoryPlot",
			"sourceTree": "<group>"
		},
		"6145ACF3-2ABE-49BA-8104-2E60192A9EF6": {
			"fileEncoding": "4",
			"isa": "PBXFileReference",
			"lastKnownFileType": "sourcecode.cpp.cpp",
			"name": "DividerLine.cpp",
			"sourceTree": "<group>"
		},
		"6193D3FE-2D68-4234-8A23-2146C7A24592": {
			"fileEncoding": "4",
			"isa": "PBXFileReference",
			"lastKnownFileType": "sourcecode.cpp.h",
			"name": "ofxSomPalette.h",
			"sourceTree": "<group>"
		},
		"6281809D-B18F-45B8-BB83-FFB824771502": {
			"children": [
				"0C2B688B-C282-4878-A0CF-126B8BFB63E7"
			],
			"isa": "PBXGroup",
			"name": "ofxNetwork",
			"path": "ofxNetwork",
			"sourceTree": "<group>"
		},
		"62DDFFDD-0762-4A30-835B-2A2C7602F0BC": {
			"fileEncoding": "4",
			"isa": "PBXFileReference",
			"lastKnownFileType": "sourcecode.cpp.h",
			"name": "ofxGuiUtils.h",
			"sourceTree": "<group>"
		},
		"632BF7C4-949B-4F6A-8988-BDBE5F75249B": {
			"children": [
				"DC880496-3C13-40C1-B60C-9340F5F63369",
				"939E568E-DD20-4CE9-845D-61FE0F307AC6",
				"AD949864-5025-471C-B249-CBE50C2B8313",
				"EDA7585F-7DCA-4379-B1D9-7E2FAA4ADD43",
				"8AE949C4-A01B-43E8-A9E6-4787D495E87D",
				"577250E0-70B4-4DFF-8C97-A4B3E0C77E92",
				"1D3418D5-51D5-4645-BE8E-C937F36F3DD0",
				"F87303E9-00C1-43D0-B714-1EB7EBEC013D"
			],
			"isa": "PBXGroup",
			"name": "src",
			"path": "src",
			"sourceTree": "<group>"
		},
		"635BF021-0E03-4BFD-A5C1-56A12F562F7B": {
			"fileEncoding": "4",
			"isa": "PBXFileReference",
			"lastKnownFileType": "sourcecode.cpp.h",
			"name": "waveformDraw.h",
			"sourceTree": "<group>"
		},
		"64E6F837-A3BE-47D3-B8EE-0C7249FC0B31": {
			"fileRef": "ED5AF252-E24A-440E-9EB7-3539EF79F1CE",
			"isa": "PBXBuildFile"
		},
		"662DF5E4-2D57-48A3-B66C-8BEFB980B95F": {
			"fileEncoding": "4",
			"isa": "PBXFileReference",
			"lastKnownFileType": "sourcecode.cpp.h",
			"name": "ofxSoundRendererUtils.h",
			"sourceTree": "<group>"
		},
		"66BBC946-6C32-421E-9AE1-FF78DD8717BC": {
			"fileEncoding": "4",
			"isa": "PBXFileReference",
			"lastKnownFileType": "sourcecode.cpp.h",
			"name": "ofxTCPServer.h",
			"sourceTree": "<group>"
		},
		"66C58129-8C91-4D79-8E6A-40CEC6C2C955": {
			"fileRef": "07D69614-E9D0-41DB-A5C4-B4508A97EB61",
			"isa": "PBXBuildFile"
		},
		"67006380-B98C-4532-AAE1-5B2A6AC12134": {
			"fileEncoding": "4",
			"isa": "PBXFileReference",
			"lastKnownFileType": "sourcecode.cpp.cpp",
			"name": "ofxOscReceiver.cpp",
			"sourceTree": "<group>"
		},
		"6739C7B4-57FA-4945-98A3-DB342FFF1922": {
			"fileEncoding": "4",
			"isa": "PBXFileReference",
			"lastKnownFileType": "sourcecode.cpp.h",
			"name": "LineGeom.h",
			"sourceTree": "<group>"
		},
		"67DBC070-6C28-4E05-95E5-DFA4ED37B36C": {
			"fileEncoding": "4",
			"isa": "PBXFileReference",
			"lastKnownFileType": "sourcecode.cpp.h",
			"name": "nanoflann.hpp",
			"sourceTree": "<group>"
		},
		"68AAE818-DFE0-4EB2-9A71-279D2B1C21C5": {
			"fileRef": "ED9216A8-88C4-47A1-A999-1C0FEB48D843",
			"isa": "PBXBuildFile"
		},
		"6A3FB236-AC13-40E7-9B28-732F648A51C5": {
			"fileEncoding": "4",
			"isa": "PBXFileReference",
			"lastKnownFileType": "sourcecode.cpp.h",
			"name": "Yin.h",
			"sourceTree": "<group>"
		},
		"6A7416D9-9650-4CC6-A38E-8787432AAC36": {
			"fileEncoding": "4",
			"isa": "PBXFileReference",
			"lastKnownFileType": "sourcecode.cpp.h",
			"name": "OpticalFlowShader.h",
			"sourceTree": "<group>"
		},
		"6AD918E9-BB13-4152-B79C-2199DAB574AC": {
			"fileEncoding": "4",
			"isa": "PBXFileReference",
			"lastKnownFileType": "sourcecode.cpp.h",
			"name": "ofxOscArg.h",
			"sourceTree": "<group>"
		},
		"6B2FE6F4-118A-443B-8A6E-EE05424A4330": {
			"fileEncoding": "4",
			"isa": "PBXFileReference",
			"lastKnownFileType": "sourcecode.cpp.h",
			"name": "ofxIntrospector.h",
			"sourceTree": "<group>"
		},
		"6C0E0262-A95E-4AEC-9EBD-CE8C30BE2160": {
			"fileRef": "A7A4E1E5-FEC2-4CCE-A4BA-EA5A99866A61",
			"isa": "PBXBuildFile"
		},
		"6C5A4900-176C-4D43-B370-EE30E48DF29D": {
			"fileEncoding": "4",
			"isa": "PBXFileReference",
			"lastKnownFileType": "sourcecode.cpp.h",
			"name": "AddImpulseSpotShader.h",
			"sourceTree": "<group>"
		},
		"6CBEACC0-8E3A-4F07-AC1F-EBB0510D2DCD": {
			"fileEncoding": "4",
			"isa": "PBXFileReference",
			"lastKnownFileType": "sourcecode.cpp.h",
			"name": "RandomVecSourceMod.hpp",
			"sourceTree": "<group>"
		},
		"6D3DC58E-9A8A-4C99-AE90-76424FA4577C": {
			"fileRef": "08443202-D48B-4BDD-90B9-878B342CB001",
			"isa": "PBXBuildFile"
		},
		"6DB20544-D2AF-43CB-B950-C47AE7E95727": {
			"fileEncoding": "4",
			"isa": "PBXFileReference",
			"lastKnownFileType": "sourcecode.cpp.cpp",
			"name": "ofxLabel.cpp",
			"sourceTree": "<group>"
		},
		"6E057517-ED28-4398-8B79-1920780B098A": {
			"fileEncoding": "4",
			"isa": "PBXFileReference",
			"lastKnownFileType": "sourcecode.cpp.cpp",
			"name": "LiveClient.cpp",
			"sourceTree": "<group>"
		},
		"6EC2BC92-BC66-4E6E-85A5-7D9F1747CBBA": {
			"fileEncoding": "4",
			"isa": "PBXFileReference",
			"lastKnownFileType": "sourcecode.cpp.h",
			"name": "LogisticFnShader.h",
			"sourceTree": "<group>"
		},
		"6F25A591-C139-4823-8FEC-8157BAF21A5D": {
			"fileEncoding": "4",
			"isa": "PBXFileReference",
			"lastKnownFileType": "sourcecode.cpp.h",
			"name": "GaussianYBlurShader.h",
			"sourceTree": "<group>"
		},
		"6FAFF94F-CA4A-4BD8-9397-3B233E7F058F": {
			"fileEncoding": "4",
			"isa": "PBXFileReference",
			"lastKnownFileType": "sourcecode.cpp.cpp",
			"name": "ofxInputField.cpp",
			"sourceTree": "<group>"
		},
		"7044787C-EC26-454A-8A7E-1CF1BD201968": {
			"fileRef": "F2B2B60A-E4EA-49F0-8DE0-B6E31A3526BF",
			"isa": "PBXBuildFile"
		},
		"70A952B2-6587-49C2-8201-B0658355146D": {
			"fileEncoding": "4",
			"isa": "PBXFileReference",
			"lastKnownFileType": "sourcecode.cpp.cpp",
			"name": "ofxSliderGroup.cpp",
			"sourceTree": "<group>"
		},
		"716CB811-82BD-49E9-8F53-B8F49D8C1DBB": {
			"children": [
				"632BF7C4-949B-4F6A-8988-BDBE5F75249B"
			],
			"isa": "PBXGroup",
			"name": "ofxAudioData",
			"path": "ofxAudioData",
			"sourceTree": "<group>"
		},
		"73B64FCA-13C7-4A4E-B3B0-2E35EE53F3EE": {
			"children": [
				"612D1A2B-2F99-464D-AF79-C5DD9A389666"
			],
			"isa": "PBXGroup",
			"name": "ofxPlottable",
			"path": "ofxPlottable",
			"sourceTree": "<group>"
		},
		"7415FF99-D621-4766-9A72-ECC9C04867FD": {
			"fileRef": "073FEB5D-C02F-42C1-954E-10B51BBA4AA4",
			"isa": "PBXBuildFile"
		},
		"746DF758-2851-4470-83EE-B0A7E83F86AA": {
			"children": [
				"A1905787-A533-4976-BF2C-1BAC1B717240"
			],
			"isa": "PBXGroup",
			"name": "src",
			"path": "src",
			"sourceTree": "<group>"
		},
		"7484463A-1A96-4805-B983-5DBEA5BB2043": {
			"fileEncoding": "4",
			"isa": "PBXFileReference",
			"lastKnownFileType": "sourcecode.cpp.cpp",
			"name": "ofxUDPManager.cpp",
			"sourceTree": "<group>"
		},
		"748A9D31-3391-4B3B-915C-6A3472614A84": {
			"fileEncoding": "4",
			"isa": "PBXFileReference",
			"lastKnownFileType": "sourcecode.cpp.h",
			"name": "ofxSoundObjectMatrixMixerRenderer.h",
			"sourceTree": "<group>"
		},
		"74F5AD98-B1CB-48C2-9711-93E85CA614F6": {
			"fileEncoding": "4",
			"isa": "PBXFileReference",
			"lastKnownFileType": "sourcecode.cpp.h",
			"name": "ofxNetworkUtils.h",
			"sourceTree": "<group>"
		},
		"755C2976-E3CF-40AF-BD2C-2DB4B8503B7E": {
			"fileRef": "7D1C24CA-CA28-4EC2-9728-A8019707D0E9",
			"isa": "PBXBuildFile"
		},
		"7615E584-4482-4D4D-897E-0CE764023424": {
			"children": [
				"FE9F5EB3-D5D0-4243-BC0C-7FCD9E2E7963"
			],
			"isa": "PBXGroup",
			"name": "ofxMotionFromVideo",
			"path": "ofxMotionFromVideo",
			"sourceTree": "<group>"
		},
		"76856673-77B5-4A69-AA6C-DAA59826B618": {
			"fileEncoding": "4",
			"isa": "PBXFileReference",
			"lastKnownFileType": "sourcecode.cpp.h",
			"name": "KDTree.h",
			"sourceTree": "<group>"
		},
		"7765552E-D835-40DD-B749-10C8A5423012": {
			"fileEncoding": "4",
			"isa": "PBXFileReference",
			"lastKnownFileType": "sourcecode.cpp.h",
			"name": "ofxTCPSettings.h",
			"sourceTree": "<group>"
		},
		"77D843B7-1DEE-44F6-BE64-5082B9A5E89C": {
			"fileEncoding": "4",
			"isa": "PBXFileReference",
			"lastKnownFileType": "sourcecode.cpp.h",
			"name": "ofxOscParameterSync.h",
			"sourceTree": "<group>"
		},
		"786397CA-6792-42DC-8637-288787F584D7": {
			"fileEncoding": "4",
			"isa": "PBXFileReference",
			"lastKnownFileType": "sourcecode.cpp.cpp",
			"name": "ofxDividedArea.cpp",
			"sourceTree": "<group>"
		},
		"7BFFABEB-A000-482E-9306-427277F96BA4": {
			"fileRef": "5947CB3E-2945-4938-84D8-F31EEEB835E6",
			"isa": "PBXBuildFile"
		},
		"7C9DC554-DB6E-4637-9F66-04AAF3A21C53": {
			"fileEncoding": "4",
			"isa": "PBXFileReference",
			"lastKnownFileType": "sourcecode.cpp.h",
			"name": "ofxOsc.h",
			"sourceTree": "<group>"
		},
		"7CB0B93F-F0BB-4B9C-AB14-0EB2F07CC133": {
			"fileEncoding": "4",
			"isa": "PBXFileReference",
			"lastKnownFileType": "sourcecode.cpp.h",
			"name": "SomPaletteMod.hpp",
			"sourceTree": "<group>"
		},
		"7CFE7BEE-3448-47FE-AFCE-AB9E98135C8F": {
			"children": [
				"8777CAD6-6975-43F2-B5B3-E621E15EB229"
			],
			"isa": "PBXGroup",
			"name": "ofxParticleSet",
			"path": "ofxParticleSet",
			"sourceTree": "<group>"
		},
		"7D1C24CA-CA28-4EC2-9728-A8019707D0E9": {
			"fileEncoding": "4",
			"isa": "PBXFileReference",
			"lastKnownFileType": "sourcecode.cpp.cpp",
			"name": "ofxPanel.cpp",
			"sourceTree": "<group>"
		},
		"7D3CF803-7C82-42DF-9BF7-206750DD5893": {
			"children": [
				"8919CF70-7F83-4604-A354-4F190950CC01"
			],
			"isa": "PBXGroup",
			"name": "ofxSpatialHash",
			"path": "ofxSpatialHash",
			"sourceTree": "<group>"
		},
		"7E3161CE-9BE0-4DD4-9F55-A83CF7D25CCD": {
			"fileEncoding": "4",
			"isa": "PBXFileReference",
			"lastKnownFileType": "sourcecode.cpp.cpp",
			"name": "Panner.cpp",
			"sourceTree": "<group>"
		},
		"7F14009E-FB19-495D-AA33-2F299BF59288": {
			"fileRef": "B7142AAE-4E23-4C24-8DB7-7FDB0A183EC1",
			"isa": "PBXBuildFile"
		},
		"7F53452C-B49C-4360-89B3-6753BB716225": {
			"fileRef": "3061AF2C-D859-4202-83B6-AC77C5591876",
			"isa": "PBXBuildFile"
		},
		"7F6BDF55-F2A1-4454-8987-CFD138FBADC1": {
			"fileEncoding": "4",
			"isa": "PBXFileReference",
			"lastKnownFileType": "sourcecode.cpp.h",
			"name": "ofxSelfOrganizingMap.h",
			"sourceTree": "<group>"
		},
		"7F9D70A2-ADB9-42B4-A327-26E2E092B018": {
			"children": [
				"489770B0-D037-4A1A-9ACC-B3698EC08702",
				"2E246035-CFA1-416E-B4A7-DEC014CC0934",
				"E57896FF-A478-45F1-8E25-01CEBB90EFF3",
				"91D3CE4E-0229-400A-88FE-830DBF5448AE",
				"CEE553E9-41B7-4C81-86DE-196411F047C5",
				"2C5F1748-9979-4A50-839B-DDA931AF29E3",
				"D39666FF-881B-47C8-A253-A1948C38C384",
				"B5B05E16-4455-46E8-806C-5C1CFDA66566",
				"EF674BB9-07E2-4DF8-BB0C-C83C378E703D",
				"9E55085E-FC67-4FD9-A5C0-8999F06BF6E5",
				"E010D73E-9DDD-4860-B163-3EBFD38D0C54",
				"370CFC1F-ADC0-4ED5-A433-B6A8521E901C"
			],
			"isa": "PBXGroup",
			"name": "osc",
			"path": "osc",
			"sourceTree": "<group>"
		},
		"7FBB3C79-A248-4BB5-85C3-3C47918D381F": {
			"fileEncoding": "4",
			"isa": "PBXFileReference",
			"lastKnownFileType": "sourcecode.cpp.h",
			"name": "ofxOscMessage.h",
			"sourceTree": "<group>"
		},
		"825DA16A-C144-43BE-A982-2CD57667EB6A": {
			"children": [
				"997B4657-8255-4360-8690-6AA2CE408CB8"
			],
			"isa": "PBXGroup",
			"name": "ofxSelfOrganizingMap",
			"path": "ofxSelfOrganizingMap",
			"sourceTree": "<group>"
		},
		"8264260F-FBED-4E5B-9032-5096A2B6DAB1": {
			"fileEncoding": "4",
			"isa": "PBXFileReference",
			"lastKnownFileType": "sourcecode.cpp.cpp",
			"name": "ofxTCPClient.cpp",
			"sourceTree": "<group>"
		},
		"8292889C-337E-41E1-8757-C12B4B9A6557": {
			"children": [
				"6145ACF3-2ABE-49BA-8104-2E60192A9EF6",
				"4939F587-9555-4133-A67A-C8259CBDD1DD",
				"F47C68A8-52EF-4E59-8CD5-08F14C7C141D",
				"6739C7B4-57FA-4945-98A3-DB342FFF1922",
				"786397CA-6792-42DC-8637-288787F584D7",
				"1DCCAED2-2F04-4157-A97E-A18643A69468"
			],
			"isa": "PBXGroup",
			"name": "src",
			"path": "src",
			"sourceTree": "<group>"
		},
		"82E852FF-F117-43D3-B36A-879E9B148C20": {
			"fileEncoding": "4",
			"isa": "PBXFileReference",
			"lastKnownFileType": "sourcecode.cpp.cpp",
			"name": "ofxOscMessage.cpp",
			"sourceTree": "<group>"
		},
		"830EDB3A-793F-4AB3-AD70-A5F195ED0ECB": {
			"fileRef": "FD813880-09DE-4CF0-997A-8F255EF53AC3",
			"isa": "PBXBuildFile"
		},
		"834F5655-986D-4DD0-98B3-8226F7B3B032": {
			"fileEncoding": "4",
			"isa": "PBXFileReference",
			"lastKnownFileType": "sourcecode.cpp.h",
			"name": "CoreTimeDomainFeatures.h",
			"sourceTree": "<group>"
		},
		"84367ADF-6158-4B5A-A749-00980B744D7B": {
			"fileEncoding": "4",
			"isa": "PBXFileReference",
			"lastKnownFileType": "sourcecode.cpp.h",
			"name": "MFCC.h",
			"sourceTree": "<group>"
		},
		"84931C56-9F0F-47BD-AD58-872938F81394": {
			"fileRef": "9AF71B71-F77B-4B21-BEE8-25A9D48F9CB5",
			"isa": "PBXBuildFile"
		},
		"863DC906-8879-462F-9AF1-BBC995B8F9CA": {
			"fileRef": "3576107F-E7C2-4244-B15C-4A8B3516B7CE",
			"isa": "PBXBuildFile"
		},
		"8777CAD6-6975-43F2-B5B3-E621E15EB229": {
			"children": [
				"12EAA409-A9EC-43E0-A155-42302EB4B8BD",
				"956771DC-D415-4343-A054-787CA997ED12"
			],
			"isa": "PBXGroup",
			"name": "src",
			"path": "src",
			"sourceTree": "<group>"
		},
		"88B63105-7F5C-4F28-9DDD-C7E164BDD194": {
			"fileRef": "E164B0EB-331A-47A6-935C-2B8F22A466A1",
			"isa": "PBXBuildFile"
		},
		"8919CF70-7F83-4604-A354-4F190950CC01": {
			"children": [
				"5CAE11F8-495E-43D8-B298-FA4DD5977189"
			],
			"isa": "PBXGroup",
			"name": "include",
			"path": "include",
			"sourceTree": "<group>"
		},
		"89592A51-A111-408B-BB48-2BA24E06C2EC": {
			"fileEncoding": "4",
			"isa": "PBXFileReference",
			"lastKnownFileType": "sourcecode.cpp.cpp",
			"name": "BaseClient.cpp",
			"sourceTree": "<group>"
		},
		"89EF870E-4BF8-4638-9DE9-F347F4787800": {
			"children": [
				"4EEB2AF3-6215-4475-94BE-B8D4BF850116"
			],
			"isa": "PBXGroup",
			"name": "ofxSoundObjects",
			"path": "ofxSoundObjects",
			"sourceTree": "<group>"
		},
		"89F454A7-4986-485C-95FB-E5AF6E008FFE": {
			"fileRef": "0B9CDC95-FD46-4CF4-A6DA-2263CC20E1C1",
			"isa": "PBXBuildFile"
		},
		"8AE949C4-A01B-43E8-A9E6-4787D495E87D": {
			"fileEncoding": "4",
			"isa": "PBXFileReference",
			"lastKnownFileType": "sourcecode.cpp.h",
			"name": "Processor.hpp",
			"sourceTree": "<group>"
		},
		"8B1E05E8-699D-48F2-94E2-5BCEB13A83F9": {
			"fileEncoding": "4",
			"isa": "PBXFileReference",
			"lastKnownFileType": "sourcecode.cpp.h",
			"name": "ofxGuiGroup.h",
			"sourceTree": "<group>"
		},
		"8BA40B38-4F0D-42F8-A243-878376BACE75": {
			"fileEncoding": "4",
			"isa": "PBXFileReference",
			"lastKnownFileType": "sourcecode.cpp.cpp",
			"name": "ClusterMod.cpp",
			"sourceTree": "<group>"
		},
		"8BBBBED7-6946-4177-AA7D-52735D36AF02": {
			"fileRef": "F184F2BD-D8DF-475F-933F-31054FA9C65A",
			"isa": "PBXBuildFile"
		},
		"8D3D08B1-2718-4876-8D10-B14FF532C006": {
			"fileEncoding": "4",
			"isa": "PBXFileReference",
			"lastKnownFileType": "sourcecode.cpp.cpp",
			"name": "ofxSoundObjectMatrixMixerRenderer.cpp",
			"sourceTree": "<group>"
		},
		"8D8581DE-3A8B-44D2-AFA6-BAB871A7F18E": {
			"fileEncoding": "4",
			"isa": "PBXFileReference",
			"lastKnownFileType": "sourcecode.cpp.h",
			"name": "Chromagram.h",
			"sourceTree": "<group>"
		},
		"8EAE5813-A61D-4718-A70A-4FC7821BEA9C": {
			"fileEncoding": "4",
			"isa": "PBXFileReference",
			"lastKnownFileType": "sourcecode.cpp.h",
			"name": "dr_mp3.h",
			"sourceTree": "<group>"
		},
		"8FAF97C4-4670-49F4-8457-4D5D5D519D2E": {
			"fileEncoding": "4",
			"isa": "PBXFileReference",
			"lastKnownFileType": "sourcecode.cpp.h",
			"name": "SubtractDivergenceShader.h",
			"sourceTree": "<group>"
		},
		"8FC1181C-1C6E-45AF-BB7A-A9D0E3054096": {
			"fileEncoding": "4",
			"isa": "PBXFileReference",
			"lastKnownFileType": "sourcecode.cpp.h",
			"name": "BaseClient.hpp",
			"sourceTree": "<group>"
		},
		"901C9FCE-7BED-4BC4-89D6-C0419E0ADDFB": {
			"fileRef": "6145ACF3-2ABE-49BA-8104-2E60192A9EF6",
			"isa": "PBXBuildFile"
		},
		"915ABCB8-1586-4CA9-9901-B88513502BE9": {
			"fileEncoding": "4",
			"isa": "PBXFileReference",
			"lastKnownFileType": "sourcecode.cpp.h",
			"name": "ofxSoundPlayerObject.h",
			"sourceTree": "<group>"
		},
		"91D3CE4E-0229-400A-88FE-830DBF5448AE": {
			"fileEncoding": "4",
			"isa": "PBXFileReference",
			"lastKnownFileType": "sourcecode.cpp.cpp",
			"name": "OscOutboundPacketStream.cpp",
			"sourceTree": "<group>"
		},
		"920DFD47-958F-42AE-8B5B-39BDD965F3F0": {
			"fileEncoding": "4",
			"isa": "PBXFileReference",
			"lastKnownFileType": "sourcecode.cpp.cpp",
			"name": "ofxTCPServer.cpp",
			"sourceTree": "<group>"
		},
		"92BC7007-BC2D-4A51-8E71-58DF994E1972": {
			"fileEncoding": "4",
			"isa": "PBXFileReference",
			"lastKnownFileType": "sourcecode.cpp.h",
			"name": "ofxTCPClient.h",
			"sourceTree": "<group>"
		},
		"9386B733-D7C0-4930-A8D0-44DC6DAABCA8": {
			"fileRef": "EF674BB9-07E2-4DF8-BB0C-C83C378E703D",
			"isa": "PBXBuildFile"
		},
		"938F9490-5865-46EE-82CA-BD86317704D3": {
			"children": [
				"ACADA521-A313-431A-B9A5-33F5D131EC4B",
				"FC193E99-E97C-4D11-8C21-B60C4A3D0EA2",
				"3B064219-985D-4E39-A88F-02369CF76BF6",
				"172A0497-17F2-4FED-8EE2-24B3F43D00BD",
				"BE350B02-8F46-4D13-828C-A13B59CA24D6"
			],
			"isa": "PBXGroup",
			"name": "src",
			"path": "src",
			"sourceTree": "<group>"
		},
		"939E568E-DD20-4CE9-845D-61FE0F307AC6": {
			"fileEncoding": "4",
			"isa": "PBXFileReference",
			"lastKnownFileType": "sourcecode.cpp.cpp",
			"name": "Plots.cpp",
			"sourceTree": "<group>"
		},
		"956771DC-D415-4343-A054-787CA997ED12": {
			"fileEncoding": "4",
			"isa": "PBXFileReference",
			"lastKnownFileType": "sourcecode.cpp.h",
			"name": "ofxParticleSet.h",
			"sourceTree": "<group>"
		},
		"96139844-ACC4-48D0-B9E6-97CB8921C230": {
			"fileEncoding": "4",
			"isa": "PBXFileReference",
			"lastKnownFileType": "sourcecode.cpp.h",
			"name": "kiss_fft.h",
			"sourceTree": "<group>"
		},
		"97917130-2B9E-4DC3-AC28-2F87E59C24C9": {
			"fileEncoding": "4",
			"isa": "PBXFileReference",
			"lastKnownFileType": "sourcecode.cpp.h",
			"name": "ofxSoundSpliter.h",
			"sourceTree": "<group>"
		},
		"997B4657-8255-4360-8690-6AA2CE408CB8": {
			"children": [
				"3576107F-E7C2-4244-B15C-4A8B3516B7CE",
				"7F6BDF55-F2A1-4454-8987-CFD138FBADC1"
			],
			"isa": "PBXGroup",
			"name": "src",
			"path": "src",
			"sourceTree": "<group>"
		},
		"9A52A721-A53B-454C-9273-8FBB6E20F186": {
			"fileRef": "F47C68A8-52EF-4E59-8CD5-08F14C7C141D",
			"isa": "PBXBuildFile"
		},
		"9A88D707-58A6-42F8-B3E1-486B387854CD": {
			"fileEncoding": "4",
			"isa": "PBXFileReference",
			"lastKnownFileType": "sourcecode.cpp.h",
			"name": "AudioDataSourceMod.hpp",
			"sourceTree": "<group>"
		},
		"9AF71B71-F77B-4B21-BEE8-25A9D48F9CB5": {
			"fileEncoding": "4",
			"isa": "PBXFileReference",
			"lastKnownFileType": "sourcecode.cpp.cpp",
			"name": "ChordDetector.cpp",
			"sourceTree": "<group>"
		},
		"9B0DF934-3E59-473F-9746-D5A4C1B2F741": {
			"fileEncoding": "4",
			"isa": "PBXFileReference",
			"lastKnownFileType": "sourcecode.cpp.h",
			"name": "ofxSoundMixer.h",
			"sourceTree": "<group>"
		},
		"9B4253E9-7DDA-4253-8D5A-3E74FD45FB82": {
			"children": [
				"45AEEF33-6360-469E-843F-2C6CFBA2B616",
				"E910B370-3E62-45CB-9EE3-7D18090873D3",
				"F3EA98C8-9935-402E-AE1B-B4572E7ACB45"
			],
			"isa": "PBXGroup",
			"name": "libs",
			"path": "libs",
			"sourceTree": "<group>"
		},
		"9BE3E408-76F8-4B79-856D-788954BCB85C": {
			"fileEncoding": "4",
			"isa": "PBXFileReference",
			"lastKnownFileType": "sourcecode.cpp.h",
			"name": "JacobiShader.h",
			"sourceTree": "<group>"
		},
		"9C550BD8-820E-4896-869C-4D2A75E7F5A6": {
			"children": [
				"6C5A4900-176C-4D43-B370-EE30E48DF29D",
				"A5495AD9-DAE6-4512-B6B2-511FA2E42232",
				"A698F33E-D6F1-4947-B3F7-F0C85D47E3B3",
				"F51E94D0-0E4E-448B-B76E-ADAE23B7C9DA",
				"F0F34C9E-4953-4477-AD8E-B473A70A44E7",
				"B5A151AC-9D95-4C98-92ED-904AD223285A",
				"DD6CBD17-853F-4707-A658-676E96323687",
				"9BE3E408-76F8-4B79-856D-788954BCB85C",
				"8FAF97C4-4670-49F4-8457-4D5D5D519D2E",
				"1066B743-CB6F-41DC-9856-19E777200585"
			],
			"isa": "PBXGroup",
			"name": "fluid",
			"path": "fluid",
			"sourceTree": "<group>"
		},
		"9C756247-C4A1-4E9B-86DE-939FB238135E": {
			"fileEncoding": "4",
			"isa": "PBXFileReference",
			"lastKnownFileType": "sourcecode.cpp.cpp",
			"name": "OnsetDetectionFunction.cpp",
			"sourceTree": "<group>"
		},
		"9D211A37-23DC-4AD5-8E21-FCE7744F783D": {
			"fileEncoding": "4",
			"isa": "PBXFileReference",
			"lastKnownFileType": "sourcecode.cpp.h",
			"name": "ClusterMod.hpp",
			"sourceTree": "<group>"
		},
		"9D3E2210-0AE4-4399-92B2-9E064885971D": {
			"fileEncoding": "4",
			"isa": "PBXFileReference",
			"lastKnownFileType": "sourcecode.cpp.cpp",
			"name": "ofxSoundMultiplexer.cpp",
			"sourceTree": "<group>"
		},
		"9E4515F9-DA6A-4C7D-BD54-622B0A75A39D": {
			"fileRef": "A809D440-E60F-4A84-BD67-1AEB94C26DE9",
			"isa": "PBXBuildFile"
		},
		"9E4675AB-ACFC-4C11-BCB4-0CCA39455072": {
			"children": [
				"03BB76DD-FF92-4B87-8D4E-63E32FE2E20B"
			],
			"isa": "PBXGroup",
			"name": "nanoflann",
			"path": "nanoflann",
			"sourceTree": "<group>"
		},
		"9E55085E-FC67-4FD9-A5C0-8999F06BF6E5": {
			"fileEncoding": "4",
			"isa": "PBXFileReference",
			"lastKnownFileType": "sourcecode.cpp.h",
			"name": "OscReceivedElements.h",
			"sourceTree": "<group>"
		},
		"9E85E53F-6F7D-45CE-A34D-EA8EE4231C5B": {
			"children": [
				"A176120C-AC5C-4E8B-8D12-6D3A2A8434BA",
				"0F040FB9-5C32-4DC6-BD64-02BE700D5916",
				"B25B8031-75E8-4A0C-B312-13A72723D854"
			],
			"isa": "PBXGroup",
			"name": "src",
			"path": "src",
			"sourceTree": "<group>"
		},
		"9F0E1DE6-70E9-4E28-A073-01E77FC8C79B": {
			"children": [
				"C78DB5C3-654C-44B1-8F1C-8F0610529E9F",
				"C941B40F-0924-49A2-AA5F-8BCD2DC6E099",
				"5E4BFF46-DD07-4EA0-8766-E29E73F305AE",
				"0B95A26C-E07E-40EF-80D3-1D0EF7B18184",
				"E164B0EB-331A-47A6-935C-2B8F22A466A1",
				"F4875F30-DACB-405E-81CF-C6BDCBC8FF0F",
				"8D3D08B1-2718-4876-8D10-B14FF532C006",
				"748A9D31-3391-4B3B-915C-6A3472614A84",
				"662DF5E4-2D57-48A3-B66C-8BEFB980B95F"
			],
			"isa": "PBXGroup",
			"name": "Renderers",
			"path": "Renderers",
			"sourceTree": "<group>"
		},
		"A02653B7-0991-43B7-9F3E-33BE383FCF8B": {
			"fileEncoding": "4",
			"isa": "PBXFileReference",
			"lastKnownFileType": "sourcecode.cpp.cpp",
			"name": "ofxSoundMixer.cpp",
			"sourceTree": "<group>"
		},
		"A176120C-AC5C-4E8B-8D12-6D3A2A8434BA": {
			"fileEncoding": "4",
			"isa": "PBXFileReference",
			"lastKnownFileType": "sourcecode.cpp.h",
			"name": "dkm.hpp",
			"sourceTree": "<group>"
		},
		"A1905787-A533-4976-BF2C-1BAC1B717240": {
			"fileEncoding": "4",
			"isa": "PBXFileReference",
			"lastKnownFileType": "sourcecode.cpp.h",
			"name": "ofxSpatialHash.h",
			"sourceTree": "<group>"
		},
		"A21AB327-1A15-4E39-92A6-A47C5BCB40CD": {
			"children": [
				"4427F60C-4E84-4AC7-9AA0-AA3CA68A0EAE"
			],
			"isa": "PBXGroup",
			"name": "ofxAudioAnalysisClient",
			"path": "ofxAudioAnalysisClient",
			"sourceTree": "<group>"
		},
		"A3486834-18F6-49C3-8337-2FDDFC849E2B": {
			"fileEncoding": "4",
			"isa": "PBXFileReference",
			"lastKnownFileType": "sourcecode.cpp.cpp",
			"name": "UdpSocket.cpp",
			"sourceTree": "<group>"
		},
		"A375238A-06A7-49EC-BF2A-0B4F798A6261": {
			"fileEncoding": "4",
			"isa": "PBXFileReference",
			"lastKnownFileType": "sourcecode.cpp.cpp",
			"name": "ofxIntrospector.cpp",
			"sourceTree": "<group>"
		},
		"A3F466DC-D815-4E44-8170-01301CB2AA80": {
			"children": [
				"C0DE70E2-4924-4EF6-A90B-39BF41375347"
			],
			"isa": "PBXGroup",
			"name": "ofxMarkSynth",
			"path": "ofxMarkSynth",
			"sourceTree": "<group>"
		},
		"A45B7BF2-9BE7-47E7-88C7-A13F3785AA62": {
			"fileRef": "577250E0-70B4-4DFF-8C97-A4B3E0C77E92",
			"isa": "PBXBuildFile"
		},
		"A5495AD9-DAE6-4512-B6B2-511FA2E42232": {
			"fileEncoding": "4",
			"isa": "PBXFileReference",
			"lastKnownFileType": "sourcecode.cpp.h",
			"name": "AddRadialImpulseShader.h",
			"sourceTree": "<group>"
		},
		"A698F33E-D6F1-4947-B3F7-F0C85D47E3B3": {
			"fileEncoding": "4",
			"isa": "PBXFileReference",
			"lastKnownFileType": "sourcecode.cpp.h",
			"name": "AdvectShader.h",
			"sourceTree": "<group>"
		},
		"A76ACE7C-8C35-4859-8156-87EE5309ACA5": {
			"fileRef": "60F5C036-3865-4F85-BE40-AD9A9AC2AF98",
			"isa": "PBXBuildFile"
		},
		"A7A4E1E5-FEC2-4CCE-A4BA-EA5A99866A61": {
			"fileEncoding": "4",
			"isa": "PBXFileReference",
			"lastKnownFileType": "sourcecode.cpp.cpp",
			"name": "ofxTCPManager.cpp",
			"sourceTree": "<group>"
		},
		"A809D440-E60F-4A84-BD67-1AEB94C26DE9": {
			"fileEncoding": "4",
			"isa": "PBXFileReference",
			"lastKnownFileType": "sourcecode.cpp.cpp",
			"name": "ofxSingleSoundPlayer.cpp",
			"sourceTree": "<group>"
		},
		"A8F73C26-D986-4B03-839C-3EC4075966A5": {
			"fileEncoding": "4",
			"isa": "PBXFileReference",
			"lastKnownFileType": "sourcecode.cpp.h",
			"name": "LiveClient.hpp",
			"sourceTree": "<group>"
		},
		"ACADA521-A313-431A-B9A5-33F5D131EC4B": {
			"fileEncoding": "4",
			"isa": "PBXFileReference",
			"lastKnownFileType": "sourcecode.cpp.h",
			"name": "Gist.h",
			"sourceTree": "<group>"
		},
		"AD51AB97-3448-42FA-843A-4B9EA73F3E0D": {
			"fileRef": "60330DC9-6FCE-48D3-A12B-3AB251DFFB73",
			"isa": "PBXBuildFile"
		},
		"AD949864-5025-471C-B249-CBE50C2B8313": {
			"fileEncoding": "4",
			"isa": "PBXFileReference",
			"lastKnownFileType": "sourcecode.cpp.h",
			"name": "Plots.hpp",
			"sourceTree": "<group>"
		},
		"ADE1BD1C-A361-4FB2-B5F2-BE696B578FB5": {
			"fileRef": "920DFD47-958F-42AE-8B5B-39BDD965F3F0",
			"isa": "PBXBuildFile"
		},
		"AF331A89-C2EC-479F-8324-10486E7E888D": {
			"children": [
				"0088719D-88BF-488F-8E0B-2933EB841C6C",
				"43D6EEEC-E914-41A8-9095-9A9EE49AFDE2",
				"B7C2395C-7F29-44E6-A229-7716DD41C4F9",
				"374C322B-F1FD-4D41-94F4-D0348B96728B",
				"9C550BD8-820E-4896-869C-4D2A75E7F5A6",
				"575338D2-CFF1-40E3-8108-5D6CDB560011"
			],
			"isa": "PBXGroup",
			"name": "src",
			"path": "src",
			"sourceTree": "<group>"
		},
		"B143DD22-5AC0-4480-AF25-B9C1FA6E6193": {
			"fileRef": "E010D73E-9DDD-4860-B163-3EBFD38D0C54",
			"isa": "PBXBuildFile"
		},
		"B180A5DA-AE4F-457B-835F-F69FBF04E2AC": {
			"fileEncoding": "4",
			"isa": "PBXFileReference",
			"lastKnownFileType": "sourcecode.cpp.h",
			"name": "ChordDetector.h",
			"sourceTree": "<group>"
		},
		"B226D657-E43C-41E9-8979-6242C9084EA2": {
			"fileRef": "BD02E84D-14B7-4314-BF68-6955BC2C3E2A",
			"isa": "PBXBuildFile"
		},
		"B25B8031-75E8-4A0C-B312-13A72723D854": {
			"fileEncoding": "4",
			"isa": "PBXFileReference",
			"lastKnownFileType": "sourcecode.cpp.h",
			"name": "ofxPointClusters.h",
			"sourceTree": "<group>"
		},
		"B296BE1D-A955-4A12-8AFA-6A6AED5D87FD": {
			"fileEncoding": "4",
			"isa": "PBXFileReference",
			"lastKnownFileType": "sourcecode.cpp.h",
			"name": "ofxUDPSettings.h",
			"sourceTree": "<group>"
		},
		"B47CC808-2443-4C23-9AFB-D1F87970AE7D": {
			"fileRef": "A02653B7-0991-43B7-9F3E-33BE383FCF8B",
			"isa": "PBXBuildFile"
		},
		"B4D5E29B-567D-4B85-9D8A-E007C47B963D": {
			"fileEncoding": "4",
			"isa": "PBXFileReference",
			"lastKnownFileType": "sourcecode.cpp.cpp",
			"name": "Yin.cpp",
			"sourceTree": "<group>"
		},
		"B53128C4-8FCC-4691-A9BB-44A2E9774897": {
			"fileEncoding": "4",
			"isa": "PBXFileReference",
			"lastKnownFileType": "sourcecode.cpp.h",
			"name": "ofxMotionFromVideo.h",
			"sourceTree": "<group>"
		},
		"B5A151AC-9D95-4C98-92ED-904AD223285A": {
			"fileEncoding": "4",
			"isa": "PBXFileReference",
			"lastKnownFileType": "sourcecode.cpp.h",
			"name": "DivergenceRenderer.h",
			"sourceTree": "<group>"
		},
		"B5B05E16-4455-46E8-806C-5C1CFDA66566": {
			"fileEncoding": "4",
			"isa": "PBXFileReference",
			"lastKnownFileType": "sourcecode.cpp.h",
			"name": "OscPrintReceivedElements.h",
			"sourceTree": "<group>"
		},
		"B6992043-AACC-443B-B5EA-7483E720F93B": {
			"fileRef": "1F4DBC49-1C61-4A76-82C2-B2BE70BDA3CC",
			"isa": "PBXBuildFile"
		},
		"B7142AAE-4E23-4C24-8DB7-7FDB0A183EC1": {
			"fileEncoding": "4",
			"isa": "PBXFileReference",
			"lastKnownFileType": "sourcecode.cpp.cpp",
			"name": "SomPaletteMod.cpp",
			"sourceTree": "<group>"
		},
		"B75FE5F8-54B2-41E3-B2AE-7237B107CD66": {
			"fileEncoding": "4",
			"isa": "PBXFileReference",
			"lastKnownFileType": "sourcecode.cpp.h",
			"name": "Panner.h",
			"sourceTree": "<group>"
		},
		"B7C2395C-7F29-44E6-A229-7716DD41C4F9": {
			"fileEncoding": "4",
			"isa": "PBXFileReference",
			"lastKnownFileType": "sourcecode.cpp.h",
			"name": "Renderer.h",
			"sourceTree": "<group>"
		},
		"B95916DA-FA59-4DC1-89B8-FF96FF544166": {
			"fileRef": "A3486834-18F6-49C3-8337-2FDDFC849E2B",
			"isa": "PBXBuildFile"
		},
		"BAB4DA33-5DDA-4F1E-8637-1BE5B26B27F2": {
			"fileRef": "2A009F98-26D2-4E7A-BAD1-AB9F8C5A113A",
			"isa": "PBXBuildFile"
		},
		"BB0755E8-FBF9-48D3-B9A5-76F7A836C659": {
			"fileEncoding": "4",
			"isa": "PBXFileReference",
			"lastKnownFileType": "sourcecode.cpp.h",
			"name": "ofxMultiSoundPlayer.h",
			"sourceTree": "<group>"
		},
		"BB4B014C10F69532006C3DED": {
			"children": [
				"6281809D-B18F-45B8-BB83-FFB824771502",
				"58DA24D4-255E-429A-947C-9999995B7D66",
				"61389EEE-9F29-44F4-8942-77599F3B5C1A",
				"BC10E94C-6994-4E6B-AEA3-D94807E5B581",
				"F13F133D-CF9D-4F24-AE7A-70264FA407F1",
				"D2C9B162-274E-43D8-9BAB-45FA0662FC6D",
				"89EF870E-4BF8-4638-9DE9-F347F4787800",
				"A21AB327-1A15-4E39-92A6-A47C5BCB40CD",
				"716CB811-82BD-49E9-8F53-B8F49D8C1DBB",
				"F4E7C801-DF8F-45D0-8EF7-D5A603EB85B4",
				"2789F203-30E7-48CB-BCA0-0EB630B58423",
				"4EBF63FB-0732-4DBB-84F6-F1D78E7F8B1F",
				"7615E584-4482-4D4D-897E-0CE764023424",
				"06D6A5CB-1B6E-4ABE-A738-75E8EF8B7D17",
				"7CFE7BEE-3448-47FE-AFCE-AB9E98135C8F",
				"73B64FCA-13C7-4A4E-B3B0-2E35EE53F3EE",
				"4BC6D9F7-8BBC-4539-A9A2-814207543CB8",
				"825DA16A-C144-43BE-A982-2CD57667EB6A",
				"553E3F6F-7A03-4EEB-9233-03A04ADFF0A0",
				"A3F466DC-D815-4E44-8170-01301CB2AA80"
			],
			"isa": "PBXGroup",
			"name": "addons",
			"path": "../../../addons",
			"sourceTree": "SOURCE_ROOT"
		},
		"BC10E94C-6994-4E6B-AEA3-D94807E5B581": {
			"children": [
				"9B4253E9-7DDA-4253-8D5A-3E74FD45FB82",
				"23DB2728-FEF0-4248-9B16-69355D86DFA2"
			],
			"isa": "PBXGroup",
			"name": "ofxGist",
			"path": "ofxGist",
			"sourceTree": "<group>"
		},
		"BC3DD459-9823-401F-AF68-7FD341630A95": {
			"fileRef": "F159A788-0AB1-4A6C-B5D9-F65DD5918517",
			"isa": "PBXBuildFile"
		},
		"BCD465C0-0482-46F6-9228-B221E29C3C18": {
			"fileEncoding": "4",
			"isa": "PBXFileReference",
			"lastKnownFileType": "sourcecode.cpp.h",
			"name": "ofxSliderGroup.h",
			"sourceTree": "<group>"
		},
		"BD02E84D-14B7-4314-BF68-6955BC2C3E2A": {
			"fileEncoding": "4",
			"isa": "PBXFileReference",
			"lastKnownFileType": "sourcecode.cpp.cpp",
			"name": "LocalGistClient.cpp",
			"sourceTree": "<group>"
		},
		"BE350B02-8F46-4D13-828C-A13B59CA24D6": {
			"children": [
				"B4D5E29B-567D-4B85-9D8A-E007C47B963D",
				"6A3FB236-AC13-40E7-9B28-732F648A51C5"
			],
			"isa": "PBXGroup",
			"name": "pitch",
			"path": "pitch",
			"sourceTree": "<group>"
		},
		"C03F7C2E-9D7F-4FFA-8A71-A68516A976AB": {
			"fileEncoding": "4",
			"isa": "PBXFileReference",
			"lastKnownFileType": "sourcecode.cpp.h",
			"name": "GaussianXBlurShader.h",
			"sourceTree": "<group>"
		},
		"C0931BA3-796F-48B4-A79D-221E82B1B591": {
			"fileRef": "ED1A4E8D-69E1-4621-8C9A-8A92BB707FAE",
			"isa": "PBXBuildFile"
		},
		"C0DE70E2-4924-4EF6-A90B-39BF41375347": {
			"children": [
				"C5B18880-C08A-4692-98B3-CD0CF3063090",
				"C40EA274-EE49-41AF-8EE8-E94CDE4974B1",
				"1EF2D767-5919-42DA-B52B-75BFCDEF5FE6",
				"2A533329-0032-4469-ABF3-252FFA024C98",
				"DFBE9E43-09B6-4B69-939A-9ECE27FC1219",
				"C4A4C4E3-C6DB-45F7-902F-9E1B9E6A2937",
				"2A48234E-D46A-407B-B822-B59F830201FB",
				"184D216E-2F20-41F8-9380-F87422D86177"
			],
			"isa": "PBXGroup",
			"name": "src",
			"path": "src",
			"sourceTree": "<group>"
		},
		"C186D259-86B9-4E8C-B88C-CFC301F671DA": {
			"fileEncoding": "4",
			"isa": "PBXFileReference",
			"lastKnownFileType": "sourcecode.cpp.h",
			"name": "dr_flac.h",
			"sourceTree": "<group>"
		},
		"C298A065-BBF8-4521-85EA-D24F66D6943A": {
			"fileRef": "89592A51-A111-408B-BB48-2BA24E06C2EC",
			"isa": "PBXBuildFile"
		},
		"C2F35666-7B2E-46A8-B0A6-628C8AD73E68": {
			"fileRef": "0C45ECFB-52CA-4C36-B9D6-AAAC05D4D066",
			"isa": "PBXBuildFile"
		},
		"C2F37337-A986-4F1F-A0CD-664EDFD166F3": {
			"fileEncoding": "4",
			"isa": "PBXFileReference",
			"lastKnownFileType": "sourcecode.cpp.h",
			"name": "NoiseGenerator.h",
			"sourceTree": "<group>"
		},
		"C372A29C-7C9A-442C-AC80-3C55EB4B2096": {
			"fileEncoding": "4",
			"isa": "PBXFileReference",
			"lastKnownFileType": "sourcecode.cpp.h",
			"name": "ofxPanel.h",
			"sourceTree": "<group>"
		},
		"C40EA274-EE49-41AF-8EE8-E94CDE4974B1": {
			"fileEncoding": "4",
			"isa": "PBXFileReference",
			"lastKnownFileType": "sourcecode.cpp.h",
			"name": "Mod.hpp",
			"sourceTree": "<group>"
		},
		"C455BBC8-512F-4A78-8454-2053C5590C7D": {
			"fileRef": "04D4CDB0-520A-421D-8FA6-6883C0667FED",
			"isa": "PBXBuildFile"
		},
		"C4A4C4E3-C6DB-45F7-902F-9E1B9E6A2937": {
			"children": [
				"8BA40B38-4F0D-42F8-A243-878376BACE75",
				"9D211A37-23DC-4AD5-8E21-FCE7744F783D",
				"B7142AAE-4E23-4C24-8DB7-7FDB0A183EC1",
				"7CB0B93F-F0BB-4B9C-AB14-0EB2F07CC133"
			],
			"isa": "PBXGroup",
			"name": "processMods",
			"path": "processMods",
			"sourceTree": "<group>"
		},
		"C54DB3DD-46C2-4ED8-99D1-FFA4C40403B1": {
			"fileRef": "199BFD14-E136-4150-9E6A-F0B862534707",
			"isa": "PBXBuildFile"
		},
		"C5B18880-C08A-4692-98B3-CD0CF3063090": {
			"fileEncoding": "4",
			"isa": "PBXFileReference",
			"lastKnownFileType": "sourcecode.cpp.cpp",
			"name": "Mod.cpp",
			"sourceTree": "<group>"
		},
		"C5F99DEB-1CFB-4F36-9654-757E19955D82": {
			"fileEncoding": "4",
			"isa": "PBXFileReference",
			"lastKnownFileType": "sourcecode.cpp.h",
			"name": "ofxSoundUtils.h",
			"sourceTree": "<group>"
		},
		"C628B936-D387-43BE-97FC-C5883945150A": {
			"fileRef": "67006380-B98C-4532-AAE1-5B2A6AC12134",
			"isa": "PBXBuildFile"
		},
		"C6440376-7EB0-4098-8CB4-360D5BA34AD3": {
			"fileEncoding": "4",
			"isa": "PBXFileReference",
			"lastKnownFileType": "sourcecode.cpp.h",
			"name": "ofxColorPicker.h",
			"sourceTree": "<group>"
		},
		"C78DB5C3-654C-44B1-8F1C-8F0610529E9F": {
			"fileEncoding": "4",
			"isa": "PBXFileReference",
			"lastKnownFileType": "sourcecode.cpp.cpp",
			"name": "ofx2DCanvas.cpp",
			"sourceTree": "<group>"
		},
		"C869EB13-1C41-48A0-A18A-8C61CC0D29D5": {
			"fileEncoding": "4",
			"isa": "PBXFileReference",
			"lastKnownFileType": "sourcecode.cpp.h",
			"name": "SineWaveGenerator.h",
			"sourceTree": "<group>"
		},
		"C9322108-C32C-4003-8FD4-261664D4AF83": {
			"fileRef": "E793ACFC-8532-45D9-BC14-4CCC44FE2221",
			"isa": "PBXBuildFile"
		},
		"C941B40F-0924-49A2-AA5F-8BCD2DC6E099": {
			"fileEncoding": "4",
			"isa": "PBXFileReference",
			"lastKnownFileType": "sourcecode.cpp.h",
			"name": "ofx2DCanvas.h",
			"sourceTree": "<group>"
		},
		"CBC0AA4A-8302-4354-B2FA-20C861F85EE9": {
			"fileRef": "4820B926-08E4-40B3-9A45-4B5F23E615A6",
			"isa": "PBXBuildFile"
		},
		"CCB15C9D-CF0D-44CC-8187-237811EC6625": {
			"fileRef": "5E4BFF46-DD07-4EA0-8766-E29E73F305AE",
			"isa": "PBXBuildFile"
		},
		"CEE553E9-41B7-4C81-86DE-196411F047C5": {
			"fileEncoding": "4",
			"isa": "PBXFileReference",
			"lastKnownFileType": "sourcecode.cpp.h",
			"name": "OscOutboundPacketStream.h",
			"sourceTree": "<group>"
		},
		"CF749587-36E6-4345-AE2E-0E9B9A65950D": {
			"fileEncoding": "4",
			"isa": "PBXFileReference",
			"lastKnownFileType": "sourcecode.cpp.h",
			"name": "NetworkingUtils.h",
			"sourceTree": "<group>"
		},
		"D2B9C8D6-0BC8-487E-970B-310FEC1D6C07": {
			"fileEncoding": "4",
			"isa": "PBXFileReference",
			"lastKnownFileType": "sourcecode.cpp.h",
			"name": "ofxNetwork.h",
			"sourceTree": "<group>"
		},
		"D2C9B162-274E-43D8-9BAB-45FA0662FC6D": {
			"children": [
				"30609CC9-C86F-442D-B0C0-C83C32454459"
			],
			"isa": "PBXGroup",
			"name": "ofxGui",
			"path": "ofxGui",
			"sourceTree": "<group>"
		},
		"D39666FF-881B-47C8-A253-A1948C38C384": {
			"fileEncoding": "4",
			"isa": "PBXFileReference",
			"lastKnownFileType": "sourcecode.cpp.cpp",
			"name": "OscPrintReceivedElements.cpp",
			"sourceTree": "<group>"
		},
		"D3B60218-4295-4AC0-9D33-4ABA6227EA7E": {
			"fileEncoding": "4",
			"isa": "PBXFileReference",
			"lastKnownFileType": "sourcecode.cpp.h",
			"name": "DigitalDelay.h",
			"sourceTree": "<group>"
		},
		"D3E6DD5A-B263-4363-9AE8-0D58E7B614A3": {
			"fileEncoding": "4",
			"isa": "PBXFileReference",
			"lastKnownFileType": "sourcecode.cpp.h",
			"name": "IntrospectorMod.hpp",
			"sourceTree": "<group>"
		},
		"D432149D-16E0-4FE7-8ACC-767FF6BF3CF4": {
			"fileEncoding": "4",
			"isa": "PBXFileReference",
			"lastKnownFileType": "sourcecode.cpp.h",
			"name": "TimerListener.h",
			"sourceTree": "<group>"
		},
		"D47A9442-589F-48F3-97C0-18A57B234D33": {
			"fileRef": "91D3CE4E-0229-400A-88FE-830DBF5448AE",
			"isa": "PBXBuildFile"
		},
		"D650D6A6-BAC4-4A4E-8485-A179F252567A": {
			"fileRef": "D39666FF-881B-47C8-A253-A1948C38C384",
			"isa": "PBXBuildFile"
		},
		"D8B59FC8-5035-49AC-AAED-7DBC562E51B4": {
			"fileRef": "0FA09C7E-E9B8-4450-8FC8-CE4AEDE006D8",
			"isa": "PBXBuildFile"
		},
		"DBB2C7F1-57B4-4D4D-AFB1-3C7901E9A96F": {
			"fileEncoding": "4",
			"isa": "PBXFileReference",
			"lastKnownFileType": "sourcecode.cpp.cpp",
			"name": "VUMeter.cpp",
			"sourceTree": "<group>"
		},
		"DC880496-3C13-40C1-B60C-9340F5F63369": {
			"fileEncoding": "4",
			"isa": "PBXFileReference",
			"lastKnownFileType": "sourcecode.cpp.h",
			"name": "1efilter.hpp",
			"sourceTree": "<group>"
		},
		"DD6CBD17-853F-4707-A658-676E96323687": {
			"fileEncoding": "4",
			"isa": "PBXFileReference",
			"lastKnownFileType": "sourcecode.cpp.h",
			"name": "FluidSimulation.h",
			"sourceTree": "<group>"
		},
		"DE3263A7-DF50-4EE0-84B0-81DE527EEB3B": {
			"fileRef": "153FB9EE-87AE-46A3-8CB8-B867EB86EC25",
			"isa": "PBXBuildFile"
		},
		"DFBE9E43-09B6-4B69-939A-9ECE27FC1219": {
			"fileEncoding": "4",
			"isa": "PBXFileReference",
			"lastKnownFileType": "sourcecode.cpp.h",
			"name": "ofxMarkSynth.h",
			"sourceTree": "<group>"
		},
		"E010D73E-9DDD-4860-B163-3EBFD38D0C54": {
			"fileEncoding": "4",
			"isa": "PBXFileReference",
			"lastKnownFileType": "sourcecode.cpp.cpp",
			"name": "OscTypes.cpp",
			"sourceTree": "<group>"
		},
		"E0AC4744-2CE8-40B9-819D-A171A88C9AAD": {
			"fileEncoding": "4",
			"isa": "PBXFileReference",
			"lastKnownFileType": "sourcecode.cpp.cpp",
			"name": "MFCC.cpp",
			"sourceTree": "<group>"
		},
		"E1086BF1-43DA-4F1E-AB2A-96B3751A62D4": {
			"fileRef": "6DB20544-D2AF-43CB-B950-C47AE7E95727",
			"isa": "PBXBuildFile"
		},
		"E164B0EB-331A-47A6-935C-2B8F22A466A1": {
			"fileEncoding": "4",
			"isa": "PBXFileReference",
			"lastKnownFileType": "sourcecode.cpp.cpp",
			"name": "ofxSoundObjectBaseRenderer.cpp",
			"sourceTree": "<group>"
		},
		"E2A91310-BF18-4E82-9D94-26119C8DA823": {
			"fileRef": "21E180ED-1B19-41DD-A585-ED49BBDECD5F",
			"isa": "PBXBuildFile"
		},
		"E2F4FC96-A491-4EEF-892E-969A82D97D89": {
			"fileEncoding": "4",
			"isa": "PBXFileReference",
			"lastKnownFileType": "sourcecode.cpp.h",
			"name": "ofxPlottable.h",
			"sourceTree": "<group>"
		},
		"E3863495-349F-40CA-8340-A31E05A60F6E": {
			"fileRef": "70A952B2-6587-49C2-8201-B0658355146D",
			"isa": "PBXBuildFile"
		},
		"E42962A92163ECCD00A6A9E2": {
			"alwaysOutOfDate": "1",
			"buildActionMask": "2147483647",
			"files": [],
			"inputPaths": [],
			"isa": "PBXShellScriptBuildPhase",
			"name": "Run Script — Compile OF",
			"outputPaths": [],
			"runOnlyForDeploymentPostprocessing": "0",
			"shellPath": "/bin/sh",
			"shellScript": "$OF_CORE_BUILD_COMMAND\n",
			"showEnvVarsInLog": "0"
		},
		"E4A5B60F29BAAAE400C2D356": {
			"buildActionMask": "2147483647",
			"dstPath": "",
			"dstSubfolderSpec": "6",
			"files": [],
			"isa": "PBXCopyFilesBuildPhase",
			"runOnlyForDeploymentPostprocessing": "0"
		},
		"E4B69B4A0A3A1720003C02F2": {
			"children": [
				"191CD6FA2847E21E0085CBB6",
				"E4B6FCAD0C3E899E008CF71C",
				"E4EB6923138AFD0F00A09F29",
				"E4B69E1C0A3A1BDC003C02F2",
				"191EF70929D778A400F35F26",
				"BB4B014C10F69532006C3DED",
				"E4B69B5B0A3A1756003C02F2",
				"F32B63DE-5CA4-4F84-A1CE-3EA6475FF850"
			],
			"isa": "PBXGroup",
			"sourceTree": "<group>"
		},
		"E4B69B4C0A3A1720003C02F2": {
			"attributes": {
				"BuildIndependentTargetsInParallel": "YES",
				"LastUpgradeCheck": "1540"
			},
			"buildConfigurationList": "E4B69B4D0A3A1720003C02F2",
			"compatibilityVersion": "Xcode 3.2",
			"developmentRegion": "en",
			"hasScannedForEncodings": "0",
			"isa": "PBXProject",
			"knownRegions": [
				"en",
				"Base"
			],
			"mainGroup": "E4B69B4A0A3A1720003C02F2",
			"productRefGroup": "E4B69B4A0A3A1720003C02F2",
			"projectDirPath": "",
			"projectRoot": "",
			"targets": [
				"E4B69B5A0A3A1756003C02F2"
			]
		},
		"E4B69B4D0A3A1720003C02F2": {
			"buildConfigurations": [
				"E4B69B4E0A3A1720003C02F2",
				"E4B69B4F0A3A1720003C02F2"
			],
			"defaultConfigurationIsVisible": "0",
			"defaultConfigurationName": "Release",
			"isa": "XCConfigurationList"
		},
		"E4B69B4E0A3A1720003C02F2": {
			"baseConfigurationReference": "E4EB6923138AFD0F00A09F29",
			"buildSettings": {
				"CODE_SIGN_ENTITLEMENTS": "of.entitlements",
				"COPY_PHASE_STRIP": "NO",
				"ENABLE_TESTABILITY": "YES",
				"GCC_OPTIMIZATION_LEVEL": "0",
				"GCC_WARN_UNUSED_VARIABLE": "NO",
				"HEADER_SEARCH_PATHS": [
					"$(OF_CORE_HEADERS)",
					"src"
				],
				"OTHER_CPLUSPLUSFLAGS": "-D__MACOSX_CORE__"
			},
			"isa": "XCBuildConfiguration",
			"name": "Debug"
		},
		"E4B69B4F0A3A1720003C02F2": {
			"baseConfigurationReference": "E4EB6923138AFD0F00A09F29",
			"buildSettings": {
				"CODE_SIGN_ENTITLEMENTS": "of.entitlements",
				"COPY_PHASE_STRIP": "YES",
				"GCC_OPTIMIZATION_LEVEL": "3",
				"GCC_UNROLL_LOOPS": "YES",
				"HEADER_SEARCH_PATHS": [
					"$(OF_CORE_HEADERS)",
					"src"
				],
				"OTHER_CPLUSPLUSFLAGS": "-D__MACOSX_CORE__"
			},
			"isa": "XCBuildConfiguration",
			"name": "Release"
		},
		"E4B69B580A3A1756003C02F2": {
			"buildActionMask": "2147483647",
			"files": [
				"E4B69E200A3A1BDC003C02F2",
				"E4B69E210A3A1BDC003C02F2",
				"C2F35666-7B2E-46A8-B0A6-628C8AD73E68",
				"EAE267B6-A253-46B7-BFA0-CB53E564E6A6",
				"6C0E0262-A95E-4AEC-9EBD-CE8C30BE2160",
				"ADE1BD1C-A361-4FB2-B5F2-BE696B578FB5",
				"3FB865BA-5222-4153-86BD-9B5E5485DF94",
				"C0931BA3-796F-48B4-A79D-221E82B1B591",
				"CBC0AA4A-8302-4354-B2FA-20C861F85EE9",
				"B95916DA-FA59-4DC1-89B8-FF96FF544166",
				"D47A9442-589F-48F3-97C0-18A57B234D33",
				"D650D6A6-BAC4-4A4E-8485-A179F252567A",
				"9386B733-D7C0-4930-A8D0-44DC6DAABCA8",
				"B143DD22-5AC0-4480-AF25-B9C1FA6E6193",
				"025699BF-A235-4205-9EEC-E7485F95F74B",
				"15DACC1F-BD92-483F-84CE-8F4C88B6A447",
				"245A1135-AA11-4825-A2D3-38A09057686C",
				"C628B936-D387-43BE-97FC-C5883945150A",
				"A76ACE7C-8C35-4859-8156-87EE5309ACA5",
				"6D3DC58E-9A8A-4C99-AE90-76424FA4577C",
				"F310F2DE-AF19-4D5F-B937-3A61EAB03EB5",
				"214717D8-06A5-4209-BBBD-B595A76665EA",
				"4FD401F0-39C0-42B7-8ED7-04DB4997A9CD",
				"06938E52-75BA-4070-A1E1-AC341B00CF29",
				"2BF3A9EF-7B9B-4473-A409-5E7BE458218F",
				"84931C56-9F0F-47BD-AD58-872938F81394",
				"10CEAD51-D0CB-4ACE-BFC0-181663BC21CE",
				"BC3DD459-9823-401F-AF68-7FD341630A95",
				"AD51AB97-3448-42FA-843A-4B9EA73F3E0D",
				"8BBBBED7-6946-4177-AA7D-52735D36AF02",
				"17F1D9E1-D888-4573-9D96-4C48E8DA73DC",
				"B6992043-AACC-443B-B5EA-7483E720F93B",
				"D8B59FC8-5035-49AC-AAED-7DBC562E51B4",
				"68AAE818-DFE0-4EB2-9A71-279D2B1C21C5",
				"FACCD700-9410-4B74-9FA1-92AEE6D4A255",
				"E1086BF1-43DA-4F1E-AB2A-96B3751A62D4",
				"755C2976-E3CF-40AF-BD2C-2DB4B8503B7E",
				"830EDB3A-793F-4AB3-AD70-A5F195ED0ECB",
				"E3863495-349F-40CA-8340-A31E05A60F6E",
				"12B49AC0-AFAF-4419-8EB6-19D1579B2A8D",
				"0D3AB12C-1F7D-4FA0-9399-5F0E40AA50A2",
				"CCB15C9D-CF0D-44CC-8187-237811EC6625",
				"88B63105-7F5C-4F28-9DDD-C7E164BDD194",
				"4C875883-E693-43DE-8B09-14145AA98632",
				"3BF02BF6-1D58-400B-93ED-0326258F7884",
				"F91D699F-6367-4F44-B689-A266CE6AF5BC",
				"085328A9-0417-4634-9BBC-670429CBCCFD",
				"7BFFABEB-A000-482E-9306-427277F96BA4",
				"9E4515F9-DA6A-4C7D-BD54-622B0A75A39D",
				"48021EC4-DB2E-482C-B3DD-96E9C86D3546",
				"C9322108-C32C-4003-8FD4-261664D4AF83",
				"B47CC808-2443-4C23-9AFB-D1F87970AE7D",
				"2E30801D-42A2-4C31-9972-6B9B327EEF80",
				"E2A91310-BF18-4E82-9D94-26119C8DA823",
				"C54DB3DD-46C2-4ED8-99D1-FFA4C40403B1",
				"7415FF99-D621-4766-9A72-ECC9C04867FD",
				"DE3263A7-DF50-4EE0-84B0-81DE527EEB3B",
				"C298A065-BBF8-4521-85EA-D24F66D6943A",
				"1A0DAF80-370B-4289-95BB-B28F607835C3",
				"513C5F91-3FB0-4129-A18F-5C582E748672",
				"B226D657-E43C-41E9-8979-6242C9084EA2",
				"35A3EFD7-C2FC-4CD3-A548-8E309866A6C5",
				"F92634D2-2016-4124-A82A-3C94B5A7BD80",
				"A45B7BF2-9BE7-47E7-88C7-A13F3785AA62",
				"901C9FCE-7BED-4BC4-89D6-C0419E0ADDFB",
				"9A52A721-A53B-454C-9273-8FBB6E20F186",
				"097618D0-2AB4-4CCC-901C-6D17D5EB1545",
				"428BFB8F-6A2A-4483-B5C8-E6F581D56545",
				"1D02DFC5-0E68-4392-AD12-F70D06343312",
				"55694A9B-264E-4110-B4FA-48D70359F838",
				"7044787C-EC26-454A-8A7E-1CF1BD201968",
				"F261213F-D076-483B-A47F-8252E15698C3",
				"863DC906-8879-462F-9AF1-BBC995B8F9CA",
				"BAB4DA33-5DDA-4F1E-8637-1BE5B26B27F2",
				"F5DF5034-F745-4414-BCF9-E315AA0F2122",
				"0576D043-3F6F-4530-821B-88DBC0462F49",
				"4FE1F8B2-305E-4C20-99CC-9196761D5B30",
				"1ED9C559-B4B0-4B3D-87FD-E8F9416EA992",
				"7F14009E-FB19-495D-AA33-2F299BF59288",
				"64E6F837-A3BE-47D3-B8EE-0C7249FC0B31",
				"66C58129-8C91-4D79-8E6A-40CEC6C2C955",
				"89F454A7-4986-485C-95FB-E5AF6E008FFE",
				"C455BBC8-512F-4A78-8454-2053C5590C7D",
				"2F8704AC-082A-4847-A0FE-B2B12E7612F9",
				"7F53452C-B49C-4360-89B3-6753BB716225"
			],
			"isa": "PBXSourcesBuildPhase",
			"runOnlyForDeploymentPostprocessing": "0"
		},
		"E4B69B590A3A1756003C02F2": {
			"buildActionMask": "2147483647",
			"files": [],
			"isa": "PBXFrameworksBuildPhase",
			"runOnlyForDeploymentPostprocessing": "0"
		},
		"E4B69B5A0A3A1756003C02F2": {
			"buildConfigurationList": "E4B69B5F0A3A1757003C02F2",
			"buildPhases": [
				"E42962A92163ECCD00A6A9E2",
				"E4B69B580A3A1756003C02F2",
				"E4B69B590A3A1756003C02F2",
				"E4C2427710CC5ABF004149E2",
				"E4A5B60F29BAAAE400C2D356",
				"19B789C429E5AB4A0082E9B8"
			],
			"buildRules": [],
			"dependencies": [],
			"isa": "PBXNativeTarget",
			"name": "example_audio_clusters",
			"productName": "myOFApp",
			"productReference": "E4B69B5B0A3A1756003C02F2",
			"productType": "com.apple.product-type.application"
		},
		"E4B69B5B0A3A1756003C02F2": {
			"explicitFileType": "wrapper.application",
			"includeInIndex": "0",
			"isa": "PBXFileReference",
			"path": "example_audio_clustersDebug.app",
			"sourceTree": "BUILT_PRODUCTS_DIR"
		},
		"E4B69B5F0A3A1757003C02F2": {
			"buildConfigurations": [
				"E4B69B600A3A1757003C02F2",
				"E4B69B610A3A1757003C02F2"
			],
			"defaultConfigurationIsVisible": "0",
			"defaultConfigurationName": "Release",
			"isa": "XCConfigurationList"
		},
		"E4B69B600A3A1757003C02F2": {
			"baseConfigurationReference": "E4EB6923138AFD0F00A09F29",
			"buildSettings": {
				"ARCHS": "$(ARCHS_STANDARD)",
				"COPY_PHASE_STRIP": "NO",
				"FRAMEWORK_SEARCH_PATHS": "$(inherited)",
				"GCC_DYNAMIC_NO_PIC": "NO",
				"GCC_PREPROCESSOR_DEFINITIONS": [
					"USE_OFX_HISTORYPLOT",
					"USING_OFX_SOUND_OBJECTS"
				],
				"HEADER_SEARCH_PATHS": [
					"$(OF_CORE_HEADERS)",
					"src",
					"src",
					"../../ofxNetwork/src",
					"../../ofxOsc/libs",
					"../../ofxOsc/libs/oscpack",
					"../../ofxOsc/libs/oscpack/src",
					"../../ofxOsc/libs/oscpack/src/ip",
					"../../ofxOsc/libs/oscpack/src/ip/posix",
					"../../ofxOsc/libs/oscpack/src/osc",
					"../../ofxOsc/src",
					"../../ofxHistoryPlot/src",
					"../../ofxGist/libs",
					"../../ofxGist/libs/Gist",
					"../../ofxGist/libs/Gist/src",
					"../../ofxGist/libs/Gist/src/core",
					"../../ofxGist/libs/Gist/src/mfcc",
					"../../ofxGist/libs/Gist/src/onset-detection-functions",
					"../../ofxGist/libs/Gist/src/pitch",
					"../../ofxGist/libs/Stark-Plumbley",
					"../../ofxGist/libs/kiss_fft130",
					"../../ofxGist/src",
					"../../ofxAudioFile/libs",
					"../../ofxAudioFile/src",
					"../../ofxGui/src",
					"../../ofxSoundObjects/src",
					"../../ofxSoundObjects/src/SoundObjects",
					"../../ofxSoundObjects/src/Renderers",
					"../../ofxAudioAnalysisClient/src",
					"../../ofxAudioData/src",
					"../../ofxDividedArea/src",
					"../../ofxIntrospector/src",
					"../../ofxRenderer/src",
					"../../ofxRenderer/src/fluid",
					"../../ofxRenderer/src/shaders",
					"../../ofxMotionFromVideo/src",
					"../../ofxSpatialHash/libs",
					"../../ofxSpatialHash/libs/nanoflann",
					"../../ofxSpatialHash/libs/nanoflann/include",
					"../../ofxSpatialHash/libs/ofxSpatialHash",
					"../../ofxSpatialHash/libs/ofxSpatialHash/include",
					"../../ofxSpatialHash/libs/ofxSpatialHash/include/ofx",
					"../../ofxSpatialHash/src",
					"../../ofxParticleSet/src",
					"../../ofxPlottable/src",
					"../../ofxPointClusters/src",
					"../../ofxSelfOrganizingMap/src",
					"../../ofxSomPalette/src",
					"../libs",
					"../src",
					"../src/processMods",
					"../src/sinkMods",
					"../src/sourceMods"
				],
				"LIBRARY_SEARCH_PATHS": "$(inherited)",
				"OTHER_LDFLAGS": [
					"$(OF_CORE_LIBS)",
					"$(OF_CORE_FRAMEWORKS)",
					"$(LIB_OF_DEBUG)"
				]
			},
			"isa": "XCBuildConfiguration",
			"name": "Debug"
		},
		"E4B69B610A3A1757003C02F2": {
			"baseConfigurationReference": "E4EB6923138AFD0F00A09F29",
			"buildSettings": {
				"ARCHS": "$(ARCHS_STANDARD)",
				"COPY_PHASE_STRIP": "YES",
				"FRAMEWORK_SEARCH_PATHS": "$(inherited)",
				"GCC_PREPROCESSOR_DEFINITIONS": [
					"USE_OFX_HISTORYPLOT",
					"USING_OFX_SOUND_OBJECTS"
				],
				"HEADER_SEARCH_PATHS": [
					"$(OF_CORE_HEADERS)",
					"src",
					"src",
					"../../ofxNetwork/src",
					"../../ofxOsc/libs",
					"../../ofxOsc/libs/oscpack",
					"../../ofxOsc/libs/oscpack/src",
					"../../ofxOsc/libs/oscpack/src/ip",
					"../../ofxOsc/libs/oscpack/src/ip/posix",
					"../../ofxOsc/libs/oscpack/src/osc",
					"../../ofxOsc/src",
					"../../ofxHistoryPlot/src",
					"../../ofxGist/libs",
					"../../ofxGist/libs/Gist",
					"../../ofxGist/libs/Gist/src",
					"../../ofxGist/libs/Gist/src/core",
					"../../ofxGist/libs/Gist/src/mfcc",
					"../../ofxGist/libs/Gist/src/onset-detection-functions",
					"../../ofxGist/libs/Gist/src/pitch",
					"../../ofxGist/libs/Stark-Plumbley",
					"../../ofxGist/libs/kiss_fft130",
					"../../ofxGist/src",
					"../../ofxAudioFile/libs",
					"../../ofxAudioFile/src",
					"../../ofxGui/src",
					"../../ofxSoundObjects/src",
					"../../ofxSoundObjects/src/SoundObjects",
					"../../ofxSoundObjects/src/Renderers",
					"../../ofxAudioAnalysisClient/src",
					"../../ofxAudioData/src",
					"../../ofxDividedArea/src",
					"../../ofxIntrospector/src",
					"../../ofxRenderer/src",
					"../../ofxRenderer/src/fluid",
					"../../ofxRenderer/src/shaders",
					"../../ofxMotionFromVideo/src",
					"../../ofxSpatialHash/libs",
					"../../ofxSpatialHash/libs/nanoflann",
					"../../ofxSpatialHash/libs/nanoflann/include",
					"../../ofxSpatialHash/libs/ofxSpatialHash",
					"../../ofxSpatialHash/libs/ofxSpatialHash/include",
					"../../ofxSpatialHash/libs/ofxSpatialHash/include/ofx",
					"../../ofxSpatialHash/src",
					"../../ofxParticleSet/src",
					"../../ofxPlottable/src",
					"../../ofxPointClusters/src",
					"../../ofxSelfOrganizingMap/src",
					"../../ofxSomPalette/src",
					"../libs",
					"../src",
					"../src/processMods",
					"../src/sinkMods",
					"../src/sourceMods"
				],
				"LIBRARY_SEARCH_PATHS": "$(inherited)",
				"OTHER_LDFLAGS": [
					"$(OF_CORE_LIBS)",
					"$(OF_CORE_FRAMEWORKS)",
					"$(LIB_OF_RELEASE)"
				],
				"baseConfigurationReference": "E4EB6923138AFD0F00A09F29"
			},
			"isa": "XCBuildConfiguration",
			"name": "Release"
		},
		"E4B69E1C0A3A1BDC003C02F2": {
			"children": [
				"E4B69E1D0A3A1BDC003C02F2",
				"E4B69E1E0A3A1BDC003C02F2",
				"E4B69E1F0A3A1BDC003C02F2"
			],
			"isa": "PBXGroup",
			"path": "src",
			"sourceTree": "SOURCE_ROOT"
		},
		"E4B69E1D0A3A1BDC003C02F2": {
			"fileEncoding": "4",
			"isa": "PBXFileReference",
			"lastKnownFileType": "sourcecode.cpp.cpp",
			"name": "main.cpp",
			"path": "src/main.cpp",
			"sourceTree": "SOURCE_ROOT"
		},
		"E4B69E1E0A3A1BDC003C02F2": {
			"explicitFileType": "sourcecode.cpp.cpp",
			"fileEncoding": "4",
			"isa": "PBXFileReference",
			"name": "ofApp.cpp",
			"path": "src/ofApp.cpp",
			"sourceTree": "SOURCE_ROOT"
		},
		"E4B69E1F0A3A1BDC003C02F2": {
			"fileEncoding": "4",
			"isa": "PBXFileReference",
			"lastKnownFileType": "sourcecode.c.h",
			"name": "ofApp.h",
			"path": "src/ofApp.h",
			"sourceTree": "SOURCE_ROOT"
		},
		"E4B69E200A3A1BDC003C02F2": {
			"fileRef": "E4B69E1D0A3A1BDC003C02F2",
			"isa": "PBXBuildFile"
		},
		"E4B69E210A3A1BDC003C02F2": {
			"fileRef": "E4B69E1E0A3A1BDC003C02F2",
			"isa": "PBXBuildFile"
		},
		"E4B6FCAD0C3E899E008CF71C": {
			"fileEncoding": "4",
			"isa": "PBXFileReference",
			"lastKnownFileType": "text.plist.xml",
			"path": "openFrameworks-Info.plist",
			"sourceTree": "<group>"
		},
		"E4BF7418-118C-4DAC-AC32-871AB5588C06": {
			"fileEncoding": "4",
			"isa": "PBXFileReference",
			"lastKnownFileType": "sourcecode.cpp.h",
			"name": "ofxOscBundle.h",
			"sourceTree": "<group>"
		},
		"E4C2427710CC5ABF004149E2": {
			"buildActionMask": "2147483647",
			"dstPath": "",
			"dstSubfolderSpec": "10",
			"files": [],
			"isa": "PBXCopyFilesBuildPhase",
			"runOnlyForDeploymentPostprocessing": "0"
		},
		"E4EB6923138AFD0F00A09F29": {
			"fileEncoding": "4",
			"isa": "PBXFileReference",
			"lastKnownFileType": "text.xcconfig",
			"path": "Project.xcconfig",
			"sourceTree": "<group>"
		},
		"E57896FF-A478-45F1-8E25-01CEBB90EFF3": {
			"fileEncoding": "4",
			"isa": "PBXFileReference",
			"lastKnownFileType": "sourcecode.cpp.h",
			"name": "OscHostEndianness.h",
			"sourceTree": "<group>"
		},
		"E793ACFC-8532-45D9-BC14-4CCC44FE2221": {
			"fileEncoding": "4",
			"isa": "PBXFileReference",
			"lastKnownFileType": "sourcecode.cpp.cpp",
			"name": "ofxSoundMatrixMixer.cpp",
			"sourceTree": "<group>"
		},
		"E86EB8DA-3034-4748-90A8-8D765F4E2A53": {
			"children": [
				"39B40495-607E-4CE6-BBF5-CDAF40410C5A"
			],
			"isa": "PBXGroup",
			"name": "libs",
			"path": "libs",
			"sourceTree": "<group>"
		},
		"E910B370-3E62-45CB-9EE3-7D18090873D3": {
			"children": [
				"9AF71B71-F77B-4B21-BEE8-25A9D48F9CB5",
				"B180A5DA-AE4F-457B-835F-F69FBF04E2AC",
				"41F94EE8-EA1B-4A66-A24B-C9BC4F6BDA4B",
				"8D8581DE-3A8B-44D2-AFA6-BAB871A7F18E"
			],
			"isa": "PBXGroup",
			"name": "Stark-Plumbley",
			"path": "Stark-Plumbley",
			"sourceTree": "<group>"
		},
		"EA5053E3-FCA9-4AAE-AD9C-168DD56DD717": {
			"fileEncoding": "4",
			"isa": "PBXFileReference",
			"lastKnownFileType": "sourcecode.cpp.h",
			"name": "ofxToggle.h",
			"sourceTree": "<group>"
		},
		"EAE267B6-A253-46B7-BFA0-CB53E564E6A6": {
			"fileRef": "8264260F-FBED-4E5B-9032-5096A2B6DAB1",
			"isa": "PBXBuildFile"
		},
		"EB167AB9-7187-4DAE-9CD6-18C1E5468853": {
			"children": [
				"ED1A4E8D-69E1-4621-8C9A-8A92BB707FAE",
				"436E02F3-B3AB-40D4-8E77-085F41126146",
				"CF749587-36E6-4345-AE2E-0E9B9A65950D",
				"04993981-F8D5-419A-9B18-90B2714B877D",
				"D432149D-16E0-4FE7-8ACC-767FF6BF3CF4",
				"518C53C4-A939-43B9-848E-8FD3BA06AE2D",
				"3A7EEEBE-145F-40E3-9914-A9213EA6EE4E"
			],
			"isa": "PBXGroup",
			"name": "ip",
			"path": "ip",
			"sourceTree": "<group>"
		},
		"ED1A4E8D-69E1-4621-8C9A-8A92BB707FAE": {
			"fileEncoding": "4",
			"isa": "PBXFileReference",
			"lastKnownFileType": "sourcecode.cpp.cpp",
			"name": "IpEndpointName.cpp",
			"sourceTree": "<group>"
		},
		"ED5AF252-E24A-440E-9EB7-3539EF79F1CE": {
			"fileEncoding": "4",
			"isa": "PBXFileReference",
			"lastKnownFileType": "sourcecode.cpp.cpp",
			"name": "DividedAreaMod.cpp",
			"sourceTree": "<group>"
		},
		"ED9216A8-88C4-47A1-A999-1C0FEB48D843": {
			"fileEncoding": "4",
			"isa": "PBXFileReference",
			"lastKnownFileType": "sourcecode.cpp.cpp",
			"name": "ofxGuiGroup.cpp",
			"sourceTree": "<group>"
		},
		"EDA7585F-7DCA-4379-B1D9-7E2FAA4ADD43": {
			"fileEncoding": "4",
			"isa": "PBXFileReference",
			"lastKnownFileType": "sourcecode.cpp.cpp",
			"name": "Processor.cpp",
			"sourceTree": "<group>"
		},
		"EF674BB9-07E2-4DF8-BB0C-C83C378E703D": {
			"fileEncoding": "4",
			"isa": "PBXFileReference",
			"lastKnownFileType": "sourcecode.cpp.cpp",
			"name": "OscReceivedElements.cpp",
			"sourceTree": "<group>"
		},
		"F0F34C9E-4953-4477-AD8E-B473A70A44E7": {
			"fileEncoding": "4",
			"isa": "PBXFileReference",
			"lastKnownFileType": "sourcecode.cpp.h",
			"name": "ApplyVorticityForceShader.h",
			"sourceTree": "<group>"
		},
		"F13F133D-CF9D-4F24-AE7A-70264FA407F1": {
			"children": [
				"4F234B58-F9D6-47C9-B00C-A0FB56963B0B",
				"FE77A16E-57A5-4307-B993-3D53732D1CE8"
			],
			"isa": "PBXGroup",
			"name": "ofxAudioFile",
			"path": "ofxAudioFile",
			"sourceTree": "<group>"
		},
		"F159A788-0AB1-4A6C-B5D9-F65DD5918517": {
			"fileEncoding": "4",
			"isa": "PBXFileReference",
			"lastKnownFileType": "sourcecode.cpp.c",
			"name": "kiss_fft.c",
			"sourceTree": "<group>"
		},
		"F184F2BD-D8DF-475F-933F-31054FA9C65A": {
			"fileEncoding": "4",
			"isa": "PBXFileReference",
			"lastKnownFileType": "sourcecode.cpp.cpp",
			"name": "ofxAudioFile.cpp",
			"sourceTree": "<group>"
		},
		"F1F51318-13FC-4E38-8EA7-101AB59145F8": {
			"children": [
				"D3B60218-4295-4AC0-9D33-4ABA6227EA7E",
				"02EDD1B5-A3D4-463D-8997-BCC9C210F5BD",
				"C2F37337-A986-4F1F-A0CD-664EDFD166F3",
				"35C8984C-1122-4D9F-9DDF-33A39AC45502",
				"7E3161CE-9BE0-4DD4-9F55-A83CF7D25CCD",
				"B75FE5F8-54B2-41E3-B2AE-7237B107CD66",
				"C869EB13-1C41-48A0-A18A-8C61CC0D29D5",
				"DBB2C7F1-57B4-4D4D-AFB1-3C7901E9A96F",
				"36C7EE38-AD8F-4F88-AEF8-C94571ED7BA1",
				"F93C3788-E4E5-4FF7-990A-6911A94B2835",
				"635BF021-0E03-4BFD-A5C1-56A12F562F7B"
			],
			"isa": "PBXGroup",
			"name": "SoundObjects",
			"path": "SoundObjects",
			"sourceTree": "<group>"
		},
		"F261213F-D076-483B-A47F-8252E15698C3": {
			"fileRef": "0F040FB9-5C32-4DC6-BD64-02BE700D5916",
			"isa": "PBXBuildFile"
		},
		"F2B2B60A-E4EA-49F0-8DE0-B6E31A3526BF": {
			"fileEncoding": "4",
			"isa": "PBXFileReference",
			"lastKnownFileType": "sourcecode.cpp.cpp",
			"name": "ofxPlottable.cpp",
			"sourceTree": "<group>"
		},
		"F310F2DE-AF19-4D5F-B937-3A61EAB03EB5": {
			"fileRef": "1E0BC1A4-49A6-41CA-AA8C-883CE671DE85",
			"isa": "PBXBuildFile"
		},
		"F32B63DE-5CA4-4F84-A1CE-3EA6475FF850": {
			"fileEncoding": "4",
			"isa": "PBXFileReference",
			"lastKnownFileType": "folder",
			"name": "data",
			"path": "bin/data",
			"sourceTree": "SOURCE_ROOT"
		},
		"F3EA98C8-9935-402E-AE1B-B4572E7ACB45": {
			"children": [
				"0ADA6A0E-B795-4F0D-B3CD-0CB8E857BFA3",
				"F159A788-0AB1-4A6C-B5D9-F65DD5918517",
				"96139844-ACC4-48D0-B9E6-97CB8921C230"
			],
			"isa": "PBXGroup",
			"name": "kiss_fft130",
			"path": "kiss_fft130",
			"sourceTree": "<group>"
		},
		"F47C68A8-52EF-4E59-8CD5-08F14C7C141D": {
			"fileEncoding": "4",
			"isa": "PBXFileReference",
			"lastKnownFileType": "sourcecode.cpp.cpp",
			"name": "LineGeom.cpp",
			"sourceTree": "<group>"
		},
		"F4875F30-DACB-405E-81CF-C6BDCBC8FF0F": {
			"fileEncoding": "4",
			"isa": "PBXFileReference",
			"lastKnownFileType": "sourcecode.cpp.h",
			"name": "ofxSoundObjectBaseRenderer.h",
			"sourceTree": "<group>"
		},
		"F4E7C801-DF8F-45D0-8EF7-D5A603EB85B4": {
			"children": [
				"8292889C-337E-41E1-8757-C12B4B9A6557"
			],
			"isa": "PBXGroup",
			"name": "ofxDividedArea",
			"path": "ofxDividedArea",
			"sourceTree": "<group>"
		},
		"F51E94D0-0E4E-448B-B76E-ADAE23B7C9DA": {
			"fileEncoding": "4",
			"isa": "PBXFileReference",
			"lastKnownFileType": "sourcecode.cpp.h",
			"name": "ApplyBouyancyShader.h",
			"sourceTree": "<group>"
		},
		"F5DF5034-F745-4414-BCF9-E315AA0F2122": {
			"fileRef": "4B68C4DD-BF7F-49B3-BA8D-5EF302C2233E",
			"isa": "PBXBuildFile"
		},
		"F6AB5724-6218-4E79-85CA-D3B9A61927FC": {
			"fileEncoding": "4",
			"isa": "PBXFileReference",
			"lastKnownFileType": "sourcecode.cpp.h",
			"name": "FileClient.hpp",
			"sourceTree": "<group>"
		},
		"F6E1616D-3350-4CE6-AE3C-5572514751C9": {
			"children": [
				"08443202-D48B-4BDD-90B9-878B342CB001",
				"F98086C6-8DDF-43A4-A06A-1925EFFD3B4B"
			],
			"isa": "PBXGroup",
			"name": "src",
			"path": "src",
			"sourceTree": "<group>"
		},
		"F87303E9-00C1-43D0-B714-1EB7EBEC013D": {
			"fileEncoding": "4",
			"isa": "PBXFileReference",
			"lastKnownFileType": "sourcecode.cpp.h",
			"name": "ofxAudioData.h",
			"sourceTree": "<group>"
		},
		"F88DB73B-DE8C-4D0C-B067-616E2965502B": {
			"children": [
				"9E4675AB-ACFC-4C11-BCB4-0CCA39455072",
				"7D3CF803-7C82-42DF-9BF7-206750DD5893"
			],
			"isa": "PBXGroup",
			"name": "libs",
			"path": "libs",
			"sourceTree": "<group>"
		},
		"F91D699F-6367-4F44-B689-A266CE6AF5BC": {
			"fileRef": "DBB2C7F1-57B4-4D4D-AFB1-3C7901E9A96F",
			"isa": "PBXBuildFile"
		},
		"F92634D2-2016-4124-A82A-3C94B5A7BD80": {
			"fileRef": "EDA7585F-7DCA-4379-B1D9-7E2FAA4ADD43",
			"isa": "PBXBuildFile"
		},
		"F93C3788-E4E5-4FF7-990A-6911A94B2835": {
			"fileEncoding": "4",
			"isa": "PBXFileReference",
			"lastKnownFileType": "sourcecode.cpp.cpp",
			"name": "waveformDraw.cpp",
			"sourceTree": "<group>"
		},
		"F98086C6-8DDF-43A4-A06A-1925EFFD3B4B": {
			"fileEncoding": "4",
			"isa": "PBXFileReference",
			"lastKnownFileType": "sourcecode.cpp.h",
			"name": "ofxHistoryPlot.h",
			"sourceTree": "<group>"
		},
		"FACCD700-9410-4B74-9FA1-92AEE6D4A255": {
			"fileRef": "6FAFF94F-CA4A-4BD8-9397-3B233E7F058F",
			"isa": "PBXBuildFile"
		},
		"FBE35669-667F-48B9-8ED7-716E70CA4236": {
			"fileEncoding": "4",
			"isa": "PBXFileReference",
			"lastKnownFileType": "sourcecode.cpp.h",
			"name": "ofxOscSender.h",
			"sourceTree": "<group>"
		},
		"FC193E99-E97C-4D11-8C21-B60C4A3D0EA2": {
			"children": [
				"1E0BC1A4-49A6-41CA-AA8C-883CE671DE85",
				"4C293977-6396-48DD-9366-D67832965C8C",
				"3DAF107D-832D-4A9E-B5CD-0117FFCEF944",
				"834F5655-986D-4DD0-98B3-8226F7B3B032"
			],
			"isa": "PBXGroup",
			"name": "core",
			"path": "core",
			"sourceTree": "<group>"
		},
		"FD813880-09DE-4CF0-997A-8F255EF53AC3": {
			"fileEncoding": "4",
			"isa": "PBXFileReference",
			"lastKnownFileType": "sourcecode.cpp.cpp",
			"name": "ofxSlider.cpp",
			"sourceTree": "<group>"
		},
		"FE77A16E-57A5-4307-B993-3D53732D1CE8": {
			"children": [
				"F184F2BD-D8DF-475F-933F-31054FA9C65A",
				"0406B5F4-798E-4D14-86CF-CDA25F62E89C"
			],
			"isa": "PBXGroup",
			"name": "src",
			"path": "src",
			"sourceTree": "<group>"
		},
		"FE9F5EB3-D5D0-4243-BC0C-7FCD9E2E7963": {
			"children": [
				"5EEBE0AF-90C7-446C-86C6-E3B955D32B28",
				"B53128C4-8FCC-4691-A9BB-44A2E9774897"
			],
			"isa": "PBXGroup",
			"name": "src",
			"path": "src",
			"sourceTree": "<group>"
		},
		"FFA585C9-67D7-46C0-8D93-AA266FD204D3": {
			"fileEncoding": "4",
			"isa": "PBXFileReference",
			"lastKnownFileType": "sourcecode.cpp.h",
			"name": "LocalGistClient.hpp",
			"sourceTree": "<group>"
		}
	},
	"rootObject": "E4B69B4C0A3A1720003C02F2"
}